// !$*UTF8*$!
{
	archiveVersion = 1;
	classes = {
	};
	objectVersion = 63;
	objects = {

/* Begin PBXBuildFile section */
		170DCCFF835C9EB8AE1CD81F /* MenuBarView.swift in Sources */ = {isa = PBXBuildFile; fileRef = 3D07C91D3461C5C97C2F4AC0 /* MenuBarView.swift */; };
		3740E6ECEB9CA883501A80B5 /* ClipboardMonitor.swift in Sources */ = {isa = PBXBuildFile; fileRef = DF9C16C63FE6CBA4D6FFEBA8 /* ClipboardMonitor.swift */; };
		41A30941322C3370DF2766CC /* Assets.xcassets in Resources */ = {isa = PBXBuildFile; fileRef = 26E51532D490E1A2DE32DF3C /* Assets.xcassets */; };
		769A0D50AC6FC83DE76D5000 /* Localizable.xcstrings in Resources */ = {isa = PBXBuildFile; fileRef = 4C1DB8B7EAE84BEDEE9F0546 /* Localizable.xcstrings */; };
		7BF3DC5D2349EDF131DF8E45 /* StreamingServices.swift in Sources */ = {isa = PBXBuildFile; fileRef = 121F8EA83B3E06119BA82118 /* StreamingServices.swift */; };
		8B76C213DB85A0116DCD1056 /* MusicCloudAPI.swift in Sources */ = {isa = PBXBuildFile; fileRef = F5C57CFCB667F74AE91357D9 /* MusicCloudAPI.swift */; };
		AA00000000000001 /* PanelMetrics.swift in Sources */ = {isa = PBXBuildFile; fileRef = AA00000000000002 /* PanelMetrics.swift */; };
		AA00000000000050 /* PanelActionItem.swift in Sources */ = {isa = PBXBuildFile; fileRef = AA00000000000051 /* PanelActionItem.swift */; };
		AA00000000000003 /* ContentView.swift in Sources */ = {isa = PBXBuildFile; fileRef = AA00000000000004 /* ContentView.swift */; };
		B67BEA72FC7A47A3C1F1DFCF /* App.swift in Sources */ = {isa = PBXBuildFile; fileRef = E68F162AF511C823C8D23690 /* App.swift */; };
		BB00000000000001 /* StreamingServicesTests.swift in Sources */ = {isa = PBXBuildFile; fileRef = BB00000000000011 /* StreamingServicesTests.swift */; };
		BB00000000000002 /* MusicCloudAPITests.swift in Sources */ = {isa = PBXBuildFile; fileRef = BB00000000000012 /* MusicCloudAPITests.swift */; };
		BB00000000000003 /* ClipboardMonitorTests.swift in Sources */ = {isa = PBXBuildFile; fileRef = BB00000000000013 /* ClipboardMonitorTests.swift */; };
		BB00000000000004 /* MediaEntryTests.swift in Sources */ = {isa = PBXBuildFile; fileRef = BB00000000000014 /* MediaEntryTests.swift */; };
		BB00000000000005 /* ConvertStreamingURLIntentTests.swift in Sources */ = {isa = PBXBuildFile; fileRef = BB00000000000015 /* ConvertStreamingURLIntentTests.swift */; };
		CC00000000000011 /* ShareViewController.swift in Sources */ = {isa = PBXBuildFile; fileRef = CC00000000000001 /* ShareViewController.swift */; };
		CC00000000000012 /* StreamingServices.swift in Sources */ = {isa = PBXBuildFile; fileRef = 121F8EA83B3E06119BA82118 /* StreamingServices.swift */; };
		CC00000000000013 /* ShareExtension.appex in Embed App Extensions */ = {isa = PBXBuildFile; fileRef = CC00000000000004 /* ShareExtension.appex */; platformFilter = ios; settings = {ATTRIBUTES = (RemoveHeadersOnCopy, ); }; };
		DA05592DC35D842081D71462 /* NSView+Extensions.swift in Sources */ = {isa = PBXBuildFile; fileRef = 1FFBDF887282094D7C460AE5 /* NSView+Extensions.swift */; };
		DD00000000000001 /* HomeView.swift in Sources */ = {isa = PBXBuildFile; fileRef = DD00000000000011 /* HomeView.swift */; };
		DD00000000000002 /* PasteCTAView.swift in Sources */ = {isa = PBXBuildFile; fileRef = DD00000000000012 /* PasteCTAView.swift */; };
		DD00000000000003 /* iOSHistoryView.swift in Sources */ = {isa = PBXBuildFile; fileRef = DD00000000000013 /* iOSHistoryView.swift */; };
		DD00000000000004 /* iOSSettingsView.swift in Sources */ = {isa = PBXBuildFile; fileRef = DD00000000000014 /* iOSSettingsView.swift */; };
		DD00000000000005 /* ResultCardView.swift in Sources */ = {isa = PBXBuildFile; fileRef = DD00000000000015 /* ResultCardView.swift */; };
		DD00000000000006 /* OpenInServiceSheet.swift in Sources */ = {isa = PBXBuildFile; fileRef = DD00000000000016 /* OpenInServiceSheet.swift */; };
		DD00000000000007 /* HistoryGridCard.swift in Sources */ = {isa = PBXBuildFile; fileRef = DD00000000000017 /* HistoryGridCard.swift */; };
		EE00000000000001 /* ConvertStreamingURLIntent.swift in Sources */ = {isa = PBXBuildFile; fileRef = EE00000000000011 /* ConvertStreamingURLIntent.swift */; };
		EE00000000000002 /* MusicCloudShortcutsProvider.swift in Sources */ = {isa = PBXBuildFile; fileRef = EE00000000000012 /* MusicCloudShortcutsProvider.swift */; };
		FD05A1022F82A00100000001 /* MediaEntry.swift in Sources */ = {isa = PBXBuildFile; fileRef = FD05A1012F82A00100000001 /* MediaEntry.swift */; };
		FD05A1042F83700100000001 /* ServiceLink.swift in Sources */ = {isa = PBXBuildFile; fileRef = FD05A1032F83700100000001 /* ServiceLink.swift */; };
		FD05A1062F83800100000001 /* MediaFilter.swift in Sources */ = {isa = PBXBuildFile; fileRef = FD05A1052F83800100000001 /* MediaFilter.swift */; };
		FD05A10C2F83900100000001 /* ContentType.swift in Sources */ = {isa = PBXBuildFile; fileRef = FD05A10B2F83900100000001 /* ContentType.swift */; };
		FD05A10E2F83900100000002 /* APIError.swift in Sources */ = {isa = PBXBuildFile; fileRef = FD05A10D2F83900100000002 /* APIError.swift */; };
		FD05A1102F83900100000003 /* ResolveError.swift in Sources */ = {isa = PBXBuildFile; fileRef = FD05A10F2F83900100000003 /* ResolveError.swift */; };
		FD0C89982F81B1DB00AE61FB /* MenuBarIcon.swift in Sources */ = {isa = PBXBuildFile; fileRef = FD0C89972F81B1DB00AE61FB /* MenuBarIcon.swift */; };
		FD0C899A2F81B1FD00AE61FB /* RainbowPalette.swift in Sources */ = {isa = PBXBuildFile; fileRef = FD0C89992F81B1FD00AE61FB /* RainbowPalette.swift */; };
		FD0C899C2F81B50F00AE61FB /* AppDelegate.swift in Sources */ = {isa = PBXBuildFile; fileRef = FD0C899B2F81B50F00AE61FB /* AppDelegate.swift */; };
		FD1437752F81964000A5B46D /* ShareButton.swift in Sources */ = {isa = PBXBuildFile; fileRef = FD1437742F81964000A5B46D /* ShareButton.swift */; };
		FD2197D22F80996F00F4AD7D /* DashboardItem.swift in Sources */ = {isa = PBXBuildFile; fileRef = FD2197D12F80996F00F4AD7D /* DashboardItem.swift */; };
		FD2748DF34499A932431649A /* PanelSection.swift in Sources */ = {isa = PBXBuildFile; fileRef = FD70F1B3AEE2E43BDEE0DC9D /* PanelSection.swift */; };
		FD4CFB8E2F8075F2006135A6 /* AppLogger.swift in Sources */ = {isa = PBXBuildFile; fileRef = FD4CFB8D2F8075F2006135A6 /* AppLogger.swift */; };
		FD8BCE6F2F85225D00EC883B /* sound3.mp3 in Resources */ = {isa = PBXBuildFile; fileRef = FD8BCE652F85225D00EC883B /* sound3.mp3 */; };
		FD8BCE702F85225D00EC883B /* sound9.mp3 in Resources */ = {isa = PBXBuildFile; fileRef = FD8BCE6B2F85225D00EC883B /* sound9.mp3 */; };
		FD8BCE712F85225D00EC883B /* sound8.mp3 in Resources */ = {isa = PBXBuildFile; fileRef = FD8BCE6A2F85225D00EC883B /* sound8.mp3 */; };
		FD8BCE722F85225D00EC883B /* sound5.mp3 in Resources */ = {isa = PBXBuildFile; fileRef = FD8BCE672F85225D00EC883B /* sound5.mp3 */; };
		FD8BCE732F85225D00EC883B /* sound1.mp3 in Resources */ = {isa = PBXBuildFile; fileRef = FD8BCE632F85225D00EC883B /* sound1.mp3 */; };
		FD8BCE742F85225D00EC883B /* sound7.mp3 in Resources */ = {isa = PBXBuildFile; fileRef = FD8BCE692F85225D00EC883B /* sound7.mp3 */; };
		FD8BCE752F85225D00EC883B /* sound10.mp3 in Resources */ = {isa = PBXBuildFile; fileRef = FD8BCE6C2F85225D00EC883B /* sound10.mp3 */; };
		FD8BCE762F85225D00EC883B /* sound11.mp3 in Resources */ = {isa = PBXBuildFile; fileRef = FD8BCE6D2F85225D00EC883B /* sound11.mp3 */; };
		FD8BCE772F85225D00EC883B /* sound2.mp3 in Resources */ = {isa = PBXBuildFile; fileRef = FD8BCE642F85225D00EC883B /* sound2.mp3 */; };
		FD8BCE782F85225D00EC883B /* sound4.mp3 in Resources */ = {isa = PBXBuildFile; fileRef = FD8BCE662F85225D00EC883B /* sound4.mp3 */; };
		FD8BCE792F85225D00EC883B /* sound6.mp3 in Resources */ = {isa = PBXBuildFile; fileRef = FD8BCE682F85225D00EC883B /* sound6.mp3 */; };
		FD97C37E2F80943A00E8D788 /* MediaItem.swift in Sources */ = {isa = PBXBuildFile; fileRef = FD97C37D2F80943A00E8D788 /* MediaItem.swift */; };
		FD97C3802F80945D00E8D788 /* TrackItem.swift in Sources */ = {isa = PBXBuildFile; fileRef = FD97C37F2F80945D00E8D788 /* TrackItem.swift */; };
		FD97C3822F80947100E8D788 /* AlbumItem.swift in Sources */ = {isa = PBXBuildFile; fileRef = FD97C3812F80947100E8D788 /* AlbumItem.swift */; };
		FD97C3842F80948700E8D788 /* ArtistItem.swift in Sources */ = {isa = PBXBuildFile; fileRef = FD97C3832F80948700E8D788 /* ArtistItem.swift */; };
		FD97C3862F80949C00E8D788 /* MediaArtwork.swift in Sources */ = {isa = PBXBuildFile; fileRef = FD97C3852F80949C00E8D788 /* MediaArtwork.swift */; };
		AA00000000000060 /* CachedAsyncImage.swift in Sources */ = {isa = PBXBuildFile; fileRef = AA00000000000061 /* CachedAsyncImage.swift */; };
		FD97C3882F8094B300E8D788 /* View+Extensions.swift in Sources */ = {isa = PBXBuildFile; fileRef = FD97C3872F8094B300E8D788 /* View+Extensions.swift */; };
		FDA7B3022F84200100000001 /* SettingsItem.swift in Sources */ = {isa = PBXBuildFile; fileRef = FDA7B3012F84200100000001 /* SettingsItem.swift */; };
		FDAF979F2F8412A3002A3AC1 /* AnimatedSegmentControl.swift in Sources */ = {isa = PBXBuildFile; fileRef = FDAF979E2F8412A3002A3AC1 /* AnimatedSegmentControl.swift */; };
		FDD516232F817EB50043E187 /* TrackInfo.swift in Sources */ = {isa = PBXBuildFile; fileRef = FDD516222F817EB50043E187 /* TrackInfo.swift */; };
		FDD516252F817ECE0043E187 /* AlbumInfo.swift in Sources */ = {isa = PBXBuildFile; fileRef = FDD516242F817ECE0043E187 /* AlbumInfo.swift */; };
		FDD516272F817EDF0043E187 /* ArtistInfo.swift in Sources */ = {isa = PBXBuildFile; fileRef = FDD516262F817EDF0043E187 /* ArtistInfo.swift */; };
		FDD5162B2F817F960043E187 /* ResolveResponse.swift in Sources */ = {isa = PBXBuildFile; fileRef = FDD5162A2F817F960043E187 /* ResolveResponse.swift */; };
		FDDC3A8F2F81BE7700FB68D9 /* NotificationManager.swift in Sources */ = {isa = PBXBuildFile; fileRef = FDDC3A8E2F81BE7700FB68D9 /* NotificationManager.swift */; };
		FDDC7E232F805E82005D779F /* HeaderRow.swift in Sources */ = {isa = PBXBuildFile; fileRef = FDDC7E222F805E82005D779F /* HeaderRow.swift */; };
		FDDC7E252F805EB6005D779F /* ErrorRow.swift in Sources */ = {isa = PBXBuildFile; fileRef = FDDC7E242F805EB6005D779F /* ErrorRow.swift */; };
		FDDC7E272F805ECE005D779F /* IdleRow.swift in Sources */ = {isa = PBXBuildFile; fileRef = FDDC7E262F805ECE005D779F /* IdleRow.swift */; };
		FDDC7E292F805EDC005D779F /* MediaSection.swift in Sources */ = {isa = PBXBuildFile; fileRef = FDDC7E282F805EDC005D779F /* MediaSection.swift */; };
		FDDC7E2B2F805F03005D779F /* MediaRow.swift in Sources */ = {isa = PBXBuildFile; fileRef = FDDC7E2A2F805F03005D779F /* MediaRow.swift */; };
		FDDC7E2D2F805F1A005D779F /* QuitItem.swift in Sources */ = {isa = PBXBuildFile; fileRef = FDDC7E2C2F805F1A005D779F /* QuitItem.swift */; };
		FDDC7E2F2F80622F005D779F /* Nasalization Rg.otf in Resources */ = {isa = PBXBuildFile; fileRef = FDDC7E2E2F80622F005D779F /* Nasalization Rg.otf */; };
		FDDC7E312F806452005D779F /* LogoText.swift in Sources */ = {isa = PBXBuildFile; fileRef = FDDC7E302F806452005D779F /* LogoText.swift */; };
		FDF0E9572F81C6D8004DEFCE /* AboutView.swift in Sources */ = {isa = PBXBuildFile; fileRef = FDF0E9522F81C6D8004DEFCE /* AboutView.swift */; };
		FDF0E9582F81C6D8004DEFCE /* SettingsView.swift in Sources */ = {isa = PBXBuildFile; fileRef = FDF0E9552F81C6D8004DEFCE /* SettingsView.swift */; };
		FDF0E9592F81C6D8004DEFCE /* DashboardView.swift in Sources */ = {isa = PBXBuildFile; fileRef = FDF0E9532F81C6D8004DEFCE /* DashboardView.swift */; };
		FDF0E95A2F81C6D8004DEFCE /* HistoryView.swift in Sources */ = {isa = PBXBuildFile; fileRef = FDF0E9542F81C6D8004DEFCE /* HistoryView.swift */; };
		FDF8735C2F7EEDE600D05057 /* HistoryManager.swift in Sources */ = {isa = PBXBuildFile; fileRef = FDF8735B2F7EEDE600D05057 /* HistoryManager.swift */; };
		FF00000000000001 /* MediaType.swift in Sources */ = {isa = PBXBuildFile; fileRef = FF00000000000011 /* MediaType.swift */; };
		FF00000000000002 /* Bundle+Version.swift in Sources */ = {isa = PBXBuildFile; fileRef = FF00000000000012 /* Bundle+Version.swift */; };
		FF00000000000003 /* DangerZoneSection.swift in Sources */ = {isa = PBXBuildFile; fileRef = FF00000000000013 /* DangerZoneSection.swift */; };
		FF00000000000006 /* EntryActionsModifier.swift in Sources */ = {isa = PBXBuildFile; fileRef = FF00000000000016 /* EntryActionsModifier.swift */; };
		FF00000000000004 /* SharedStoreConfiguration.swift in Sources */ = {isa = PBXBuildFile; fileRef = FF00000000000014 /* SharedStoreConfiguration.swift */; };
		AA00000000000070 /* HapticFeedback.swift in Sources */ = {isa = PBXBuildFile; fileRef = AA00000000000071 /* HapticFeedback.swift */; };
		AA00000000000072 /* HapticFeedback.swift in Sources */ = {isa = PBXBuildFile; fileRef = AA00000000000071 /* HapticFeedback.swift */; };
		FF00000000000021 /* CloudKit.framework in Frameworks */ = {isa = PBXBuildFile; fileRef = FF00000000000020 /* CloudKit.framework */; };
		FF00000000000101 /* MediaType.swift in Sources */ = {isa = PBXBuildFile; fileRef = FF00000000000011 /* MediaType.swift */; };
		FF00000000000102 /* MusicCloudAPI.swift in Sources */ = {isa = PBXBuildFile; fileRef = F5C57CFCB667F74AE91357D9 /* MusicCloudAPI.swift */; };
		FF00000000000103 /* ResolveResponse.swift in Sources */ = {isa = PBXBuildFile; fileRef = FDD5162A2F817F960043E187 /* ResolveResponse.swift */; };
		FF00000000000104 /* MediaEntry.swift in Sources */ = {isa = PBXBuildFile; fileRef = FD05A1012F82A00100000001 /* MediaEntry.swift */; };
		FF00000000000105 /* TrackInfo.swift in Sources */ = {isa = PBXBuildFile; fileRef = FDD516222F817EB50043E187 /* TrackInfo.swift */; };
		FF00000000000106 /* AlbumInfo.swift in Sources */ = {isa = PBXBuildFile; fileRef = FDD516242F817ECE0043E187 /* AlbumInfo.swift */; };
		FF00000000000107 /* ArtistInfo.swift in Sources */ = {isa = PBXBuildFile; fileRef = FDD516262F817EDF0043E187 /* ArtistInfo.swift */; };
		FF00000000000108 /* ServiceLink.swift in Sources */ = {isa = PBXBuildFile; fileRef = FD05A1032F83700100000001 /* ServiceLink.swift */; };
		FF00000000000109 /* ContentType.swift in Sources */ = {isa = PBXBuildFile; fileRef = FD05A10B2F83900100000001 /* ContentType.swift */; };
		FF0000000000010A /* SharedStoreConfiguration.swift in Sources */ = {isa = PBXBuildFile; fileRef = FF00000000000014 /* SharedStoreConfiguration.swift */; };
		FF0000000000010B /* APIError.swift in Sources */ = {isa = PBXBuildFile; fileRef = FD05A10D2F83900100000002 /* APIError.swift */; };
		FF0000000000010C /* ResolveError.swift in Sources */ = {isa = PBXBuildFile; fileRef = FD05A10F2F83900100000003 /* ResolveError.swift */; };
		FF0000000000010D /* AppLogger.swift in Sources */ = {isa = PBXBuildFile; fileRef = FD4CFB8D2F8075F2006135A6 /* AppLogger.swift */; };
/* End PBXBuildFile section */

/* Begin PBXContainerItemProxy section */
		BB00000000000051 /* PBXContainerItemProxy */ = {
			isa = PBXContainerItemProxy;
			containerPortal = 87ED6BE46D2B397F308DB857 /* Project object */;
			proxyType = 1;
			remoteGlobalIDString = A02F4E98FD93CA1768A15CE2;
			remoteInfo = musiccloud;
		};
		CC00000000000070 /* PBXContainerItemProxy */ = {
			isa = PBXContainerItemProxy;
			containerPortal = 87ED6BE46D2B397F308DB857 /* Project object */;
			proxyType = 1;
			remoteGlobalIDString = CC00000000000030;
			remoteInfo = ShareExtension;
		};
/* End PBXContainerItemProxy section */

/* Begin PBXCopyFilesBuildPhase section */
		CC00000000000080 /* Embed App Extensions */ = {
			isa = PBXCopyFilesBuildPhase;
			buildActionMask = 2147483647;
			dstPath = "";
			dstSubfolderSpec = 13;
			files = (
				CC00000000000013 /* ShareExtension.appex in Embed App Extensions */,
			);
			name = "Embed App Extensions";
			runOnlyForDeploymentPostprocessing = 0;
		};
/* End PBXCopyFilesBuildPhase section */

/* Begin PBXFileReference section */
		121F8EA83B3E06119BA82118 /* StreamingServices.swift */ = {isa = PBXFileReference; lastKnownFileType = sourcecode.swift; path = StreamingServices.swift; sourceTree = "<group>"; };
		1FFBDF887282094D7C460AE5 /* NSView+Extensions.swift */ = {isa = PBXFileReference; lastKnownFileType = sourcecode.swift; path = "NSView+Extensions.swift"; sourceTree = "<group>"; };
		26E51532D490E1A2DE32DF3C /* Assets.xcassets */ = {isa = PBXFileReference; lastKnownFileType = folder.assetcatalog; path = Assets.xcassets; sourceTree = "<group>"; };
		2A6D1FBF4C2BE51299104362 /* musiccloud.entitlements */ = {isa = PBXFileReference; lastKnownFileType = text.plist.entitlements; path = musiccloud.entitlements; sourceTree = "<group>"; };
		3D07C91D3461C5C97C2F4AC0 /* MenuBarView.swift */ = {isa = PBXFileReference; lastKnownFileType = sourcecode.swift; path = MenuBarView.swift; sourceTree = "<group>"; };
		4C1DB8B7EAE84BEDEE9F0546 /* Localizable.xcstrings */ = {isa = PBXFileReference; lastKnownFileType = text.json.xcstrings; path = Localizable.xcstrings; sourceTree = "<group>"; };
		56B89EA2B7FB649CF35C1DC8 /* musiccloud.app */ = {isa = PBXFileReference; explicitFileType = wrapper.application; includeInIndex = 0; path = musiccloud.app; sourceTree = BUILT_PRODUCTS_DIR; };
		65D30DA29D8EB6E7A8D6EF3C /* Info.plist */ = {isa = PBXFileReference; lastKnownFileType = text.plist.xml; path = Info.plist; sourceTree = "<group>"; };
		AA00000000000002 /* PanelMetrics.swift */ = {isa = PBXFileReference; lastKnownFileType = sourcecode.swift; path = PanelMetrics.swift; sourceTree = "<group>"; };
		AA00000000000051 /* PanelActionItem.swift */ = {isa = PBXFileReference; lastKnownFileType = sourcecode.swift; path = PanelActionItem.swift; sourceTree = "<group>"; };
		AA00000000000004 /* ContentView.swift */ = {isa = PBXFileReference; lastKnownFileType = sourcecode.swift; path = ContentView.swift; sourceTree = "<group>"; };
		BB00000000000010 /* musiccloudTests.xctest */ = {isa = PBXFileReference; explicitFileType = wrapper.cfbundle; includeInIndex = 0; path = musiccloudTests.xctest; sourceTree = BUILT_PRODUCTS_DIR; };
		BB00000000000011 /* StreamingServicesTests.swift */ = {isa = PBXFileReference; lastKnownFileType = sourcecode.swift; path = StreamingServicesTests.swift; sourceTree = "<group>"; };
		BB00000000000012 /* MusicCloudAPITests.swift */ = {isa = PBXFileReference; lastKnownFileType = sourcecode.swift; path = MusicCloudAPITests.swift; sourceTree = "<group>"; };
		BB00000000000013 /* ClipboardMonitorTests.swift */ = {isa = PBXFileReference; lastKnownFileType = sourcecode.swift; path = ClipboardMonitorTests.swift; sourceTree = "<group>"; };
		BB00000000000014 /* MediaEntryTests.swift */ = {isa = PBXFileReference; lastKnownFileType = sourcecode.swift; path = MediaEntryTests.swift; sourceTree = "<group>"; };
		BB00000000000015 /* ConvertStreamingURLIntentTests.swift */ = {isa = PBXFileReference; lastKnownFileType = sourcecode.swift; path = ConvertStreamingURLIntentTests.swift; sourceTree = "<group>"; };
		CC00000000000001 /* ShareViewController.swift */ = {isa = PBXFileReference; lastKnownFileType = sourcecode.swift; path = ShareViewController.swift; sourceTree = "<group>"; };
		CC00000000000002 /* Info.plist */ = {isa = PBXFileReference; lastKnownFileType = text.plist.xml; path = Info.plist; sourceTree = "<group>"; };
		CC00000000000003 /* ShareExtension.entitlements */ = {isa = PBXFileReference; lastKnownFileType = text.plist.entitlements; path = ShareExtension.entitlements; sourceTree = "<group>"; };
		CC00000000000004 /* ShareExtension.appex */ = {isa = PBXFileReference; explicitFileType = "wrapper.app-extension"; includeInIndex = 0; path = ShareExtension.appex; sourceTree = BUILT_PRODUCTS_DIR; };
		DD00000000000011 /* HomeView.swift */ = {isa = PBXFileReference; lastKnownFileType = sourcecode.swift; path = HomeView.swift; sourceTree = "<group>"; };
		DD00000000000012 /* PasteCTAView.swift */ = {isa = PBXFileReference; lastKnownFileType = sourcecode.swift; path = PasteCTAView.swift; sourceTree = "<group>"; };
		DD00000000000013 /* iOSHistoryView.swift */ = {isa = PBXFileReference; lastKnownFileType = sourcecode.swift; path = iOSHistoryView.swift; sourceTree = "<group>"; };
		DD00000000000014 /* iOSSettingsView.swift */ = {isa = PBXFileReference; lastKnownFileType = sourcecode.swift; path = iOSSettingsView.swift; sourceTree = "<group>"; };
		DD00000000000015 /* ResultCardView.swift */ = {isa = PBXFileReference; lastKnownFileType = sourcecode.swift; path = ResultCardView.swift; sourceTree = "<group>"; };
		DD00000000000016 /* OpenInServiceSheet.swift */ = {isa = PBXFileReference; lastKnownFileType = sourcecode.swift; path = OpenInServiceSheet.swift; sourceTree = "<group>"; };
		DD00000000000017 /* HistoryGridCard.swift */ = {isa = PBXFileReference; lastKnownFileType = sourcecode.swift; path = HistoryGridCard.swift; sourceTree = "<group>"; };
		DF9C16C63FE6CBA4D6FFEBA8 /* ClipboardMonitor.swift */ = {isa = PBXFileReference; lastKnownFileType = sourcecode.swift; path = ClipboardMonitor.swift; sourceTree = "<group>"; };
		E68F162AF511C823C8D23690 /* App.swift */ = {isa = PBXFileReference; lastKnownFileType = sourcecode.swift; path = App.swift; sourceTree = "<group>"; };
		EE00000000000011 /* ConvertStreamingURLIntent.swift */ = {isa = PBXFileReference; lastKnownFileType = sourcecode.swift; path = ConvertStreamingURLIntent.swift; sourceTree = "<group>"; };
		EE00000000000012 /* MusicCloudShortcutsProvider.swift */ = {isa = PBXFileReference; lastKnownFileType = sourcecode.swift; path = MusicCloudShortcutsProvider.swift; sourceTree = "<group>"; };
		F5C57CFCB667F74AE91357D9 /* MusicCloudAPI.swift */ = {isa = PBXFileReference; lastKnownFileType = sourcecode.swift; path = MusicCloudAPI.swift; sourceTree = "<group>"; };
		FD05A1012F82A00100000001 /* MediaEntry.swift */ = {isa = PBXFileReference; lastKnownFileType = sourcecode.swift; path = MediaEntry.swift; sourceTree = "<group>"; };
		FD05A1032F83700100000001 /* ServiceLink.swift */ = {isa = PBXFileReference; lastKnownFileType = sourcecode.swift; path = ServiceLink.swift; sourceTree = "<group>"; };
		FD05A1052F83800100000001 /* MediaFilter.swift */ = {isa = PBXFileReference; lastKnownFileType = sourcecode.swift; path = MediaFilter.swift; sourceTree = "<group>"; };
		FD05A10B2F83900100000001 /* ContentType.swift */ = {isa = PBXFileReference; lastKnownFileType = sourcecode.swift; path = ContentType.swift; sourceTree = "<group>"; };
		FD05A10D2F83900100000002 /* APIError.swift */ = {isa = PBXFileReference; lastKnownFileType = sourcecode.swift; path = APIError.swift; sourceTree = "<group>"; };
		FD05A10F2F83900100000003 /* ResolveError.swift */ = {isa = PBXFileReference; lastKnownFileType = sourcecode.swift; path = ResolveError.swift; sourceTree = "<group>"; };
		FD0C89972F81B1DB00AE61FB /* MenuBarIcon.swift */ = {isa = PBXFileReference; lastKnownFileType = sourcecode.swift; path = MenuBarIcon.swift; sourceTree = "<group>"; };
		FD0C89992F81B1FD00AE61FB /* RainbowPalette.swift */ = {isa = PBXFileReference; lastKnownFileType = sourcecode.swift; path = RainbowPalette.swift; sourceTree = "<group>"; };
		FD0C899B2F81B50F00AE61FB /* AppDelegate.swift */ = {isa = PBXFileReference; lastKnownFileType = sourcecode.swift; path = AppDelegate.swift; sourceTree = "<group>"; };
		FD1437742F81964000A5B46D /* ShareButton.swift */ = {isa = PBXFileReference; lastKnownFileType = sourcecode.swift; path = ShareButton.swift; sourceTree = "<group>"; };
		FD2197D12F80996F00F4AD7D /* DashboardItem.swift */ = {isa = PBXFileReference; lastKnownFileType = sourcecode.swift; path = DashboardItem.swift; sourceTree = "<group>"; };
		FD4CFB8D2F8075F2006135A6 /* AppLogger.swift */ = {isa = PBXFileReference; lastKnownFileType = sourcecode.swift; path = AppLogger.swift; sourceTree = "<group>"; };
		FD70F1B3AEE2E43BDEE0DC9D /* PanelSection.swift */ = {isa = PBXFileReference; lastKnownFileType = sourcecode.swift; path = PanelSection.swift; sourceTree = "<group>"; };
		FD8BCE632F85225D00EC883B /* sound1.mp3 */ = {isa = PBXFileReference; lastKnownFileType = audio.mp3; path = sound1.mp3; sourceTree = "<group>"; };
		FD8BCE642F85225D00EC883B /* sound2.mp3 */ = {isa = PBXFileReference; lastKnownFileType = audio.mp3; path = sound2.mp3; sourceTree = "<group>"; };
		FD8BCE652F85225D00EC883B /* sound3.mp3 */ = {isa = PBXFileReference; lastKnownFileType = audio.mp3; path = sound3.mp3; sourceTree = "<group>"; };
		FD8BCE662F85225D00EC883B /* sound4.mp3 */ = {isa = PBXFileReference; lastKnownFileType = audio.mp3; path = sound4.mp3; sourceTree = "<group>"; };
		FD8BCE672F85225D00EC883B /* sound5.mp3 */ = {isa = PBXFileReference; lastKnownFileType = audio.mp3; path = sound5.mp3; sourceTree = "<group>"; };
		FD8BCE682F85225D00EC883B /* sound6.mp3 */ = {isa = PBXFileReference; lastKnownFileType = audio.mp3; path = sound6.mp3; sourceTree = "<group>"; };
		FD8BCE692F85225D00EC883B /* sound7.mp3 */ = {isa = PBXFileReference; lastKnownFileType = audio.mp3; path = sound7.mp3; sourceTree = "<group>"; };
		FD8BCE6A2F85225D00EC883B /* sound8.mp3 */ = {isa = PBXFileReference; lastKnownFileType = audio.mp3; path = sound8.mp3; sourceTree = "<group>"; };
		FD8BCE6B2F85225D00EC883B /* sound9.mp3 */ = {isa = PBXFileReference; lastKnownFileType = audio.mp3; path = sound9.mp3; sourceTree = "<group>"; };
		FD8BCE6C2F85225D00EC883B /* sound10.mp3 */ = {isa = PBXFileReference; lastKnownFileType = audio.mp3; path = sound10.mp3; sourceTree = "<group>"; };
		FD8BCE6D2F85225D00EC883B /* sound11.mp3 */ = {isa = PBXFileReference; lastKnownFileType = audio.mp3; path = sound11.mp3; sourceTree = "<group>"; };
		FD97C37D2F80943A00E8D788 /* MediaItem.swift */ = {isa = PBXFileReference; lastKnownFileType = sourcecode.swift; path = MediaItem.swift; sourceTree = "<group>"; };
		FD97C37F2F80945D00E8D788 /* TrackItem.swift */ = {isa = PBXFileReference; lastKnownFileType = sourcecode.swift; path = TrackItem.swift; sourceTree = "<group>"; };
		FD97C3812F80947100E8D788 /* AlbumItem.swift */ = {isa = PBXFileReference; lastKnownFileType = sourcecode.swift; path = AlbumItem.swift; sourceTree = "<group>"; };
		FD97C3832F80948700E8D788 /* ArtistItem.swift */ = {isa = PBXFileReference; lastKnownFileType = sourcecode.swift; path = ArtistItem.swift; sourceTree = "<group>"; };
		FD97C3852F80949C00E8D788 /* MediaArtwork.swift */ = {isa = PBXFileReference; lastKnownFileType = sourcecode.swift; path = MediaArtwork.swift; sourceTree = "<group>"; };
		AA00000000000061 /* CachedAsyncImage.swift */ = {isa = PBXFileReference; lastKnownFileType = sourcecode.swift; path = CachedAsyncImage.swift; sourceTree = "<group>"; };
		FD97C3872F8094B300E8D788 /* View+Extensions.swift */ = {isa = PBXFileReference; lastKnownFileType = sourcecode.swift; path = "View+Extensions.swift"; sourceTree = "<group>"; };
		FDA7B3012F84200100000001 /* SettingsItem.swift */ = {isa = PBXFileReference; lastKnownFileType = sourcecode.swift; path = SettingsItem.swift; sourceTree = "<group>"; };
		FDAF979E2F8412A3002A3AC1 /* AnimatedSegmentControl.swift */ = {isa = PBXFileReference; lastKnownFileType = sourcecode.swift; path = AnimatedSegmentControl.swift; sourceTree = "<group>"; };
		FDD516222F817EB50043E187 /* TrackInfo.swift */ = {isa = PBXFileReference; lastKnownFileType = sourcecode.swift; path = TrackInfo.swift; sourceTree = "<group>"; };
		FDD516242F817ECE0043E187 /* AlbumInfo.swift */ = {isa = PBXFileReference; lastKnownFileType = sourcecode.swift; path = AlbumInfo.swift; sourceTree = "<group>"; };
		FDD516262F817EDF0043E187 /* ArtistInfo.swift */ = {isa = PBXFileReference; lastKnownFileType = sourcecode.swift; path = ArtistInfo.swift; sourceTree = "<group>"; };
		FDD5162A2F817F960043E187 /* ResolveResponse.swift */ = {isa = PBXFileReference; lastKnownFileType = sourcecode.swift; path = ResolveResponse.swift; sourceTree = "<group>"; };
		FDDC3A8E2F81BE7700FB68D9 /* NotificationManager.swift */ = {isa = PBXFileReference; lastKnownFileType = sourcecode.swift; path = NotificationManager.swift; sourceTree = "<group>"; };
		FDDC7E222F805E82005D779F /* HeaderRow.swift */ = {isa = PBXFileReference; lastKnownFileType = sourcecode.swift; path = HeaderRow.swift; sourceTree = "<group>"; };
		FDDC7E242F805EB6005D779F /* ErrorRow.swift */ = {isa = PBXFileReference; lastKnownFileType = sourcecode.swift; path = ErrorRow.swift; sourceTree = "<group>"; };
		FDDC7E262F805ECE005D779F /* IdleRow.swift */ = {isa = PBXFileReference; lastKnownFileType = sourcecode.swift; path = IdleRow.swift; sourceTree = "<group>"; };
		FDDC7E282F805EDC005D779F /* MediaSection.swift */ = {isa = PBXFileReference; lastKnownFileType = sourcecode.swift; path = MediaSection.swift; sourceTree = "<group>"; };
		FDDC7E2A2F805F03005D779F /* MediaRow.swift */ = {isa = PBXFileReference; lastKnownFileType = sourcecode.swift; path = MediaRow.swift; sourceTree = "<group>"; };
		FDDC7E2C2F805F1A005D779F /* QuitItem.swift */ = {isa = PBXFileReference; lastKnownFileType = sourcecode.swift; path = QuitItem.swift; sourceTree = "<group>"; };
		FDDC7E2E2F80622F005D779F /* Nasalization Rg.otf */ = {isa = PBXFileReference; lastKnownFileType = file; path = "Nasalization Rg.otf"; sourceTree = "<group>"; };
		FDDC7E302F806452005D779F /* LogoText.swift */ = {isa = PBXFileReference; lastKnownFileType = sourcecode.swift; path = LogoText.swift; sourceTree = "<group>"; };
		FDF0E9522F81C6D8004DEFCE /* AboutView.swift */ = {isa = PBXFileReference; lastKnownFileType = sourcecode.swift; path = AboutView.swift; sourceTree = "<group>"; };
		FDF0E9532F81C6D8004DEFCE /* DashboardView.swift */ = {isa = PBXFileReference; lastKnownFileType = sourcecode.swift; path = DashboardView.swift; sourceTree = "<group>"; };
		FDF0E9542F81C6D8004DEFCE /* HistoryView.swift */ = {isa = PBXFileReference; lastKnownFileType = sourcecode.swift; path = HistoryView.swift; sourceTree = "<group>"; };
		FDF0E9552F81C6D8004DEFCE /* SettingsView.swift */ = {isa = PBXFileReference; lastKnownFileType = sourcecode.swift; path = SettingsView.swift; sourceTree = "<group>"; };
		FDF8735B2F7EEDE600D05057 /* HistoryManager.swift */ = {isa = PBXFileReference; lastKnownFileType = sourcecode.swift; path = HistoryManager.swift; sourceTree = "<group>"; };
		FF00000000000011 /* MediaType.swift */ = {isa = PBXFileReference; lastKnownFileType = sourcecode.swift; path = MediaType.swift; sourceTree = "<group>"; };
		FF00000000000012 /* Bundle+Version.swift */ = {isa = PBXFileReference; lastKnownFileType = sourcecode.swift; path = "Bundle+Version.swift"; sourceTree = "<group>"; };
		FF00000000000013 /* DangerZoneSection.swift */ = {isa = PBXFileReference; lastKnownFileType = sourcecode.swift; path = DangerZoneSection.swift; sourceTree = "<group>"; };
		FF00000000000016 /* EntryActionsModifier.swift */ = {isa = PBXFileReference; lastKnownFileType = sourcecode.swift; path = EntryActionsModifier.swift; sourceTree = "<group>"; };
		FF00000000000014 /* SharedStoreConfiguration.swift */ = {isa = PBXFileReference; lastKnownFileType = sourcecode.swift; path = SharedStoreConfiguration.swift; sourceTree = "<group>"; };
		AA00000000000071 /* HapticFeedback.swift */ = {isa = PBXFileReference; lastKnownFileType = sourcecode.swift; path = HapticFeedback.swift; sourceTree = "<group>"; };
		FF00000000000020 /* CloudKit.framework */ = {isa = PBXFileReference; lastKnownFileType = wrapper.framework; name = CloudKit.framework; path = System/Library/Frameworks/CloudKit.framework; sourceTree = SDKROOT; };
/* End PBXFileReference section */

/* Begin PBXFrameworksBuildPhase section */
		FF00000000000040 /* Frameworks */ = {
			isa = PBXFrameworksBuildPhase;
			buildActionMask = 2147483647;
			files = (
				FF00000000000021 /* CloudKit.framework in Frameworks */,
			);
			runOnlyForDeploymentPostprocessing = 0;
		};
/* End PBXFrameworksBuildPhase section */

/* Begin PBXGroup section */
		29E444AD310A55D5A4A6FC5B /* Products */ = {
			isa = PBXGroup;
			children = (
				56B89EA2B7FB649CF35C1DC8 /* musiccloud.app */,
				BB00000000000010 /* musiccloudTests.xctest */,
				CC00000000000004 /* ShareExtension.appex */,
			);
			name = Products;
			sourceTree = "<group>";
		};
		9723BD104A0AE887713E6D8F /* App */ = {
			isa = PBXGroup;
			children = (
				E68F162AF511C823C8D23690 /* App.swift */,
				AA00000000000010 /* Shared */,
				AA00000000000020 /* macOS */,
				AA00000000000030 /* iOS */,
				FDDC7E1C2F805B3C005D779F /* Supporting Files */,
			);
			path = App;
			sourceTree = "<group>";
		};
		A8800C23A7862F67E68038E7 = {
			isa = PBXGroup;
			children = (
				9723BD104A0AE887713E6D8F /* App */,
				CC00000000000020 /* ShareExtension */,
				BB00000000000020 /* musiccloudTests */,
				FF00000000000030 /* Frameworks */,
				29E444AD310A55D5A4A6FC5B /* Products */,
			);
			sourceTree = "<group>";
		};
		AA00000000000010 /* Shared */ = {
			isa = PBXGroup;
			children = (
				AA00000000000011 /* API */,
				EE00000000000020 /* Intents */,
				AA00000000000015 /* Types */,
				AA00000000000016 /* Managers */,
				AA00000000000017 /* Extensions */,
				AA00000000000018 /* Views */,
				AA0000000000001F /* Utils */,
			);
			path = Shared;
			sourceTree = "<group>";
		};
		AA00000000000011 /* API */ = {
			isa = PBXGroup;
			children = (
				F5C57CFCB667F74AE91357D9 /* MusicCloudAPI.swift */,
				FDD5162A2F817F960043E187 /* ResolveResponse.swift */,
				121F8EA83B3E06119BA82118 /* StreamingServices.swift */,
				AA00000000000012 /* Error Handling */,
				AA00000000000013 /* Models */,
			);
			path = API;
			sourceTree = "<group>";
		};
		AA00000000000012 /* Error Handling */ = {
			isa = PBXGroup;
			children = (
				FD05A10D2F83900100000002 /* APIError.swift */,
				FD05A10F2F83900100000003 /* ResolveError.swift */,
			);
			path = "Error Handling";
			sourceTree = "<group>";
		};
		AA00000000000013 /* Models */ = {
			isa = PBXGroup;
			children = (
				FDD516242F817ECE0043E187 /* AlbumInfo.swift */,
				FDD516262F817EDF0043E187 /* ArtistInfo.swift */,
				FD05A1012F82A00100000001 /* MediaEntry.swift */,
				FD05A1032F83700100000001 /* ServiceLink.swift */,
				FDD516222F817EB50043E187 /* TrackInfo.swift */,
			);
			path = Models;
			sourceTree = "<group>";
		};
		AA00000000000015 /* Types */ = {
			isa = PBXGroup;
			children = (
				FD05A10B2F83900100000001 /* ContentType.swift */,
				FF00000000000011 /* MediaType.swift */,
				FD05A1052F83800100000001 /* MediaFilter.swift */,
			);
			path = Types;
			sourceTree = "<group>";
		};
		AA00000000000016 /* Managers */ = {
			isa = PBXGroup;
			children = (
				DF9C16C63FE6CBA4D6FFEBA8 /* ClipboardMonitor.swift */,
				FDF8735B2F7EEDE600D05057 /* HistoryManager.swift */,
				FDDC3A8E2F81BE7700FB68D9 /* NotificationManager.swift */,
			);
			path = Managers;
			sourceTree = "<group>";
		};
		AA00000000000017 /* Extensions */ = {
			isa = PBXGroup;
			children = (
				FF00000000000012 /* Bundle+Version.swift */,
				FD97C3872F8094B300E8D788 /* View+Extensions.swift */,
			);
			path = Extensions;
			sourceTree = "<group>";
		};
		AA00000000000018 /* Views */ = {
			isa = PBXGroup;
			children = (
				FD4CFB8D2F8075F2006135A6 /* AppLogger.swift */,
				AA00000000000019 /* Components */,
				AA0000000000001A /* LogoText */,
				AA0000000000001B /* Media */,
			);
			path = Views;
			sourceTree = "<group>";
		};
		AA00000000000019 /* Components */ = {
			isa = PBXGroup;
			children = (
				FDAF979E2F8412A3002A3AC1 /* AnimatedSegmentControl.swift */,
				FF00000000000013 /* DangerZoneSection.swift */,
				FF00000000000016 /* EntryActionsModifier.swift */,
			);
			path = Components;
			sourceTree = "<group>";
		};
		AA0000000000001A /* LogoText */ = {
			isa = PBXGroup;
			children = (
				FDDC7E302F806452005D779F /* LogoText.swift */,
				FD0C89992F81B1FD00AE61FB /* RainbowPalette.swift */,
			);
			path = LogoText;
			sourceTree = "<group>";
		};
		AA0000000000001B /* Media */ = {
			isa = PBXGroup;
			children = (
				FD97C3812F80947100E8D788 /* AlbumItem.swift */,
				FD97C3832F80948700E8D788 /* ArtistItem.swift */,
				DD00000000000017 /* HistoryGridCard.swift */,
				AA00000000000061 /* CachedAsyncImage.swift */,
				FD97C3852F80949C00E8D788 /* MediaArtwork.swift */,
				FD97C37D2F80943A00E8D788 /* MediaItem.swift */,
				FDDC7E2A2F805F03005D779F /* MediaRow.swift */,
				FDDC7E282F805EDC005D779F /* MediaSection.swift */,
				FD1437742F81964000A5B46D /* ShareButton.swift */,
				FD97C37F2F80945D00E8D788 /* TrackItem.swift */,
			);
			path = Media;
			sourceTree = "<group>";
		};
		AA0000000000001F /* Utils */ = {
			isa = PBXGroup;
			children = (
				AA00000000000071 /* HapticFeedback.swift */,
				AA00000000000002 /* PanelMetrics.swift */,
				FF00000000000014 /* SharedStoreConfiguration.swift */,
			);
			path = Utils;
			sourceTree = "<group>";
		};
		AA00000000000020 /* macOS */ = {
			isa = PBXGroup;
			children = (
				FD0C899B2F81B50F00AE61FB /* AppDelegate.swift */,
				AA00000000000021 /* Extensions */,
				AA00000000000022 /* Views */,
			);
			path = macOS;
			sourceTree = "<group>";
		};
		AA00000000000021 /* Extensions */ = {
			isa = PBXGroup;
			children = (
				1FFBDF887282094D7C460AE5 /* NSView+Extensions.swift */,
			);
			path = Extensions;
			sourceTree = "<group>";
		};
		AA00000000000022 /* Views */ = {
			isa = PBXGroup;
			children = (
				AA00000000000023 /* Components */,
				AA00000000000024 /* Dashboard */,
				AA00000000000025 /* Panel */,
				AA00000000000026 /* Settings */,
			);
			path = Views;
			sourceTree = "<group>";
		};
		AA00000000000023 /* Components */ = {
			isa = PBXGroup;
			children = (
				FD70F1B3AEE2E43BDEE0DC9D /* PanelSection.swift */,
			);
			path = Components;
			sourceTree = "<group>";
		};
		AA00000000000024 /* Dashboard */ = {
			isa = PBXGroup;
			children = (
				FDF0E9522F81C6D8004DEFCE /* AboutView.swift */,
				FDF0E9532F81C6D8004DEFCE /* DashboardView.swift */,
				FDF0E9542F81C6D8004DEFCE /* HistoryView.swift */,
			);
			path = Dashboard;
			sourceTree = "<group>";
		};
		AA00000000000025 /* Panel */ = {
			isa = PBXGroup;
			children = (
				FD2197D12F80996F00F4AD7D /* DashboardItem.swift */,
				FDDC7E242F805EB6005D779F /* ErrorRow.swift */,
				AA00000000000051 /* PanelActionItem.swift */,
				FDDC7E222F805E82005D779F /* HeaderRow.swift */,
				FDDC7E262F805ECE005D779F /* IdleRow.swift */,
				FD0C89972F81B1DB00AE61FB /* MenuBarIcon.swift */,
				3D07C91D3461C5C97C2F4AC0 /* MenuBarView.swift */,
				FDDC7E2C2F805F1A005D779F /* QuitItem.swift */,
				FDA7B3012F84200100000001 /* SettingsItem.swift */,
			);
			path = Panel;
			sourceTree = "<group>";
		};
		AA00000000000026 /* Settings */ = {
			isa = PBXGroup;
			children = (
				FDF0E9552F81C6D8004DEFCE /* SettingsView.swift */,
			);
			path = Settings;
			sourceTree = "<group>";
		};
		AA00000000000030 /* iOS */ = {
			isa = PBXGroup;
			children = (
				AA00000000000004 /* ContentView.swift */,
				AA00000000000031 /* Views */,
			);
			path = iOS;
			sourceTree = "<group>";
		};
		AA00000000000031 /* Views */ = {
			isa = PBXGroup;
			children = (
				AA00000000000032 /* Home */,
				AA00000000000033 /* History */,
				AA00000000000034 /* Settings */,
				AA00000000000035 /* Components */,
			);
			path = Views;
			sourceTree = "<group>";
		};
		AA00000000000032 /* Home */ = {
			isa = PBXGroup;
			children = (
				DD00000000000011 /* HomeView.swift */,
				DD00000000000012 /* PasteCTAView.swift */,
			);
			path = Home;
			sourceTree = "<group>";
		};
		AA00000000000033 /* History */ = {
			isa = PBXGroup;
			children = (
				DD00000000000013 /* iOSHistoryView.swift */,
			);
			path = History;
			sourceTree = "<group>";
		};
		AA00000000000034 /* Settings */ = {
			isa = PBXGroup;
			children = (
				DD00000000000014 /* iOSSettingsView.swift */,
			);
			path = Settings;
			sourceTree = "<group>";
		};
		AA00000000000035 /* Components */ = {
			isa = PBXGroup;
			children = (
				DD00000000000016 /* OpenInServiceSheet.swift */,
				DD00000000000015 /* ResultCardView.swift */,
			);
			path = Components;
			sourceTree = "<group>";
		};
		BB00000000000020 /* musiccloudTests */ = {
			isa = PBXGroup;
			children = (
				BB00000000000021 /* API */,
				BB00000000000024 /* Intents */,
				BB00000000000022 /* Managers */,
				BB00000000000023 /* Models */,
			);
			path = musiccloudTests;
			sourceTree = "<group>";
		};
		BB00000000000021 /* API */ = {
			isa = PBXGroup;
			children = (
				BB00000000000011 /* StreamingServicesTests.swift */,
				BB00000000000012 /* MusicCloudAPITests.swift */,
			);
			path = API;
			sourceTree = "<group>";
		};
		BB00000000000022 /* Managers */ = {
			isa = PBXGroup;
			children = (
				BB00000000000013 /* ClipboardMonitorTests.swift */,
			);
			path = Managers;
			sourceTree = "<group>";
		};
		BB00000000000023 /* Models */ = {
			isa = PBXGroup;
			children = (
				BB00000000000014 /* MediaEntryTests.swift */,
			);
			path = Models;
			sourceTree = "<group>";
		};
		BB00000000000024 /* Intents */ = {
			isa = PBXGroup;
			children = (
				BB00000000000015 /* ConvertStreamingURLIntentTests.swift */,
			);
			path = Intents;
			sourceTree = "<group>";
		};
		CC00000000000020 /* ShareExtension */ = {
			isa = PBXGroup;
			children = (
				CC00000000000001 /* ShareViewController.swift */,
				CC00000000000002 /* Info.plist */,
				CC00000000000003 /* ShareExtension.entitlements */,
			);
			path = ShareExtension;
			sourceTree = "<group>";
		};
		EE00000000000020 /* Intents */ = {
			isa = PBXGroup;
			children = (
				EE00000000000011 /* ConvertStreamingURLIntent.swift */,
				EE00000000000012 /* MusicCloudShortcutsProvider.swift */,
			);
			path = Intents;
			sourceTree = "<group>";
		};
		FD8BCE6E2F85225D00EC883B /* NotificationSounds */ = {
			isa = PBXGroup;
			children = (
				FD8BCE632F85225D00EC883B /* sound1.mp3 */,
				FD8BCE642F85225D00EC883B /* sound2.mp3 */,
				FD8BCE652F85225D00EC883B /* sound3.mp3 */,
				FD8BCE662F85225D00EC883B /* sound4.mp3 */,
				FD8BCE672F85225D00EC883B /* sound5.mp3 */,
				FD8BCE682F85225D00EC883B /* sound6.mp3 */,
				FD8BCE692F85225D00EC883B /* sound7.mp3 */,
				FD8BCE6A2F85225D00EC883B /* sound8.mp3 */,
				FD8BCE6B2F85225D00EC883B /* sound9.mp3 */,
				FD8BCE6C2F85225D00EC883B /* sound10.mp3 */,
				FD8BCE6D2F85225D00EC883B /* sound11.mp3 */,
			);
			path = NotificationSounds;
			sourceTree = "<group>";
		};
		FDDC7E1C2F805B3C005D779F /* Supporting Files */ = {
			isa = PBXGroup;
			children = (
				2A6D1FBF4C2BE51299104362 /* musiccloud.entitlements */,
				FDDC7E2E2F80622F005D779F /* Nasalization Rg.otf */,
				65D30DA29D8EB6E7A8D6EF3C /* Info.plist */,
				26E51532D490E1A2DE32DF3C /* Assets.xcassets */,
				4C1DB8B7EAE84BEDEE9F0546 /* Localizable.xcstrings */,
				FD8BCE6E2F85225D00EC883B /* NotificationSounds */,
			);
			path = "Supporting Files";
			sourceTree = "<group>";
		};
		FF00000000000030 /* Frameworks */ = {
			isa = PBXGroup;
			children = (
				FF00000000000020 /* CloudKit.framework */,
			);
			name = Frameworks;
			sourceTree = "<group>";
		};
/* End PBXGroup section */

/* Begin PBXNativeTarget section */
		A02F4E98FD93CA1768A15CE2 /* musiccloud */ = {
			isa = PBXNativeTarget;
			buildConfigurationList = DF3CC9B41A42CF171A0D5568 /* Build configuration list for PBXNativeTarget "musiccloud" */;
			buildPhases = (
				FD00000000000001 /* Set Build Number */,
				196EA75CACD0DE5A40732059 /* Sources */,
				FF00000000000040 /* Frameworks */,
				12EF42AD220F8CA474750FB1 /* Resources */,
				CC00000000000080 /* Embed App Extensions */,
			);
			buildRules = (
			);
			dependencies = (
				CC00000000000071 /* PBXTargetDependency */,
			);
			name = musiccloud;
			packageProductDependencies = (
			);
			productName = musiccloud;
			productReference = 56B89EA2B7FB649CF35C1DC8 /* musiccloud.app */;
			productType = "com.apple.product-type.application";
		};
		BB00000000000030 /* musiccloudTests */ = {
			isa = PBXNativeTarget;
			buildConfigurationList = BB00000000000060 /* Build configuration list for PBXNativeTarget "musiccloudTests" */;
			buildPhases = (
				BB00000000000040 /* Sources */,
			);
			buildRules = (
			);
			dependencies = (
				BB00000000000052 /* PBXTargetDependency */,
			);
			name = musiccloudTests;
			productName = musiccloudTests;
			productReference = BB00000000000010 /* musiccloudTests.xctest */;
			productType = "com.apple.product-type.bundle.unit-test";
		};
		CC00000000000030 /* ShareExtension */ = {
			isa = PBXNativeTarget;
			buildConfigurationList = CC00000000000060 /* Build configuration list for PBXNativeTarget "ShareExtension" */;
			buildPhases = (
				CC00000000000040 /* Sources */,
			);
			buildRules = (
			);
			dependencies = (
			);
			name = ShareExtension;
			productName = ShareExtension;
			productReference = CC00000000000004 /* ShareExtension.appex */;
			productType = "com.apple.product-type.app-extension";
		};
/* End PBXNativeTarget section */

/* Begin PBXProject section */
		87ED6BE46D2B397F308DB857 /* Project object */ = {
			isa = PBXProject;
			attributes = {
				BuildIndependentTargetsInParallel = YES;
				LastUpgradeCheck = 2640;
			};
			buildConfigurationList = F3584AD23C18E5F44482D611 /* Build configuration list for PBXProject "musiccloud" */;
			compatibilityVersion = "Xcode 14.0";
			developmentRegion = en;
			hasScannedForEncodings = 0;
			knownRegions = (
				Base,
				cs,
				de,
				en,
				es,
				fr,
				it,
				nl,
				tr,
			);
			mainGroup = A8800C23A7862F67E68038E7;
			minimizedProjectReferenceProxies = 1;
			projectDirPath = "";
			projectRoot = "";
			targets = (
				A02F4E98FD93CA1768A15CE2 /* musiccloud */,
				CC00000000000030 /* ShareExtension */,
				BB00000000000030 /* musiccloudTests */,
			);
		};
/* End PBXProject section */

/* Begin PBXResourcesBuildPhase section */
		12EF42AD220F8CA474750FB1 /* Resources */ = {
			isa = PBXResourcesBuildPhase;
			buildActionMask = 2147483647;
			files = (
				FDDC7E2F2F80622F005D779F /* Nasalization Rg.otf in Resources */,
				41A30941322C3370DF2766CC /* Assets.xcassets in Resources */,
				769A0D50AC6FC83DE76D5000 /* Localizable.xcstrings in Resources */,
				FD8BCE6F2F85225D00EC883B /* sound3.mp3 in Resources */,
				FD8BCE702F85225D00EC883B /* sound9.mp3 in Resources */,
				FD8BCE712F85225D00EC883B /* sound8.mp3 in Resources */,
				FD8BCE722F85225D00EC883B /* sound5.mp3 in Resources */,
				FD8BCE732F85225D00EC883B /* sound1.mp3 in Resources */,
				FD8BCE742F85225D00EC883B /* sound7.mp3 in Resources */,
				FD8BCE752F85225D00EC883B /* sound10.mp3 in Resources */,
				FD8BCE762F85225D00EC883B /* sound11.mp3 in Resources */,
				FD8BCE772F85225D00EC883B /* sound2.mp3 in Resources */,
				FD8BCE782F85225D00EC883B /* sound4.mp3 in Resources */,
				FD8BCE792F85225D00EC883B /* sound6.mp3 in Resources */,
			);
			runOnlyForDeploymentPostprocessing = 0;
		};
/* End PBXResourcesBuildPhase section */

/* Begin PBXShellScriptBuildPhase section */
		FD00000000000001 /* Set Build Number */ = {
			isa = PBXShellScriptBuildPhase;
			alwaysOutOfDate = 1;
			buildActionMask = 2147483647;
			files = (
			);
			inputFileListPaths = (
			);
			inputPaths = (
			);
			name = "Set Build Number";
			outputFileListPaths = (
			);
			outputPaths = (
			);
			runOnlyForDeploymentPostprocessing = 0;
			shellPath = /bin/sh;
			shellScript = "buildNumber=$(git -C \"${SRCROOT}\" rev-list --count HEAD 2>/dev/null || echo 1)\n/usr/libexec/PlistBuddy -c \"Set :CFBundleVersion $buildNumber\" \"${SRCROOT}/App/Supporting Files/Info.plist\"\nif [ -f \"${SRCROOT}/ShareExtension/Info.plist\" ]; then\n  /usr/libexec/PlistBuddy -c \"Set :CFBundleVersion $buildNumber\" \"${SRCROOT}/ShareExtension/Info.plist\"\nfi\n";
			showEnvVarsInLog = 0;
		};
/* End PBXShellScriptBuildPhase section */

/* Begin PBXSourcesBuildPhase section */
		196EA75CACD0DE5A40732059 /* Sources */ = {
			isa = PBXSourcesBuildPhase;
			buildActionMask = 2147483647;
			files = (
				FD0C899C2F81B50F00AE61FB /* AppDelegate.swift in Sources */,
				FDD516252F817ECE0043E187 /* AlbumInfo.swift in Sources */,
				FDD5162B2F817F960043E187 /* ResolveResponse.swift in Sources */,
				B67BEA72FC7A47A3C1F1DFCF /* App.swift in Sources */,
				FDDC7E232F805E82005D779F /* HeaderRow.swift in Sources */,
				3740E6ECEB9CA883501A80B5 /* ClipboardMonitor.swift in Sources */,
				FD97C3842F80948700E8D788 /* ArtistItem.swift in Sources */,
				170DCCFF835C9EB8AE1CD81F /* MenuBarView.swift in Sources */,
				FD1437752F81964000A5B46D /* ShareButton.swift in Sources */,
				FD0C89982F81B1DB00AE61FB /* MenuBarIcon.swift in Sources */,
				FD05A10C2F83900100000001 /* ContentType.swift in Sources */,
				FD05A10E2F83900100000002 /* APIError.swift in Sources */,
				FD05A1102F83900100000003 /* ResolveError.swift in Sources */,
				FDDC7E272F805ECE005D779F /* IdleRow.swift in Sources */,
				AA00000000000050 /* PanelActionItem.swift in Sources */,
				FDDC7E2D2F805F1A005D779F /* QuitItem.swift in Sources */,
				FDA7B3022F84200100000001 /* SettingsItem.swift in Sources */,
				FD97C37E2F80943A00E8D788 /* MediaItem.swift in Sources */,
				FDD516272F817EDF0043E187 /* ArtistInfo.swift in Sources */,
				FD0C899A2F81B1FD00AE61FB /* RainbowPalette.swift in Sources */,
				FDDC3A8F2F81BE7700FB68D9 /* NotificationManager.swift in Sources */,
				FDD516232F817EB50043E187 /* TrackInfo.swift in Sources */,
				8B76C213DB85A0116DCD1056 /* MusicCloudAPI.swift in Sources */,
				FDF0E9572F81C6D8004DEFCE /* AboutView.swift in Sources */,
				FDF0E9582F81C6D8004DEFCE /* SettingsView.swift in Sources */,
				FDF0E9592F81C6D8004DEFCE /* DashboardView.swift in Sources */,
				FDF0E95A2F81C6D8004DEFCE /* HistoryView.swift in Sources */,
				FDDC7E2B2F805F03005D779F /* MediaRow.swift in Sources */,
				FDAF979F2F8412A3002A3AC1 /* AnimatedSegmentControl.swift in Sources */,
				FD2748DF34499A932431649A /* PanelSection.swift in Sources */,
				FDF8735C2F7EEDE600D05057 /* HistoryManager.swift in Sources */,
				FD97C3882F8094B300E8D788 /* View+Extensions.swift in Sources */,
				DA05592DC35D842081D71462 /* NSView+Extensions.swift in Sources */,
				7BF3DC5D2349EDF131DF8E45 /* StreamingServices.swift in Sources */,
				AA00000000000060 /* CachedAsyncImage.swift in Sources */,
				FD97C3862F80949C00E8D788 /* MediaArtwork.swift in Sources */,
				FD97C3822F80947100E8D788 /* AlbumItem.swift in Sources */,
				FDDC7E252F805EB6005D779F /* ErrorRow.swift in Sources */,
				FD2197D22F80996F00F4AD7D /* DashboardItem.swift in Sources */,
				FD97C3802F80945D00E8D788 /* TrackItem.swift in Sources */,
				FD4CFB8E2F8075F2006135A6 /* AppLogger.swift in Sources */,
				FDDC7E292F805EDC005D779F /* MediaSection.swift in Sources */,
				FDDC7E312F806452005D779F /* LogoText.swift in Sources */,
				FD05A1022F82A00100000001 /* MediaEntry.swift in Sources */,
				FD05A1042F83700100000001 /* ServiceLink.swift in Sources */,
				FD05A1062F83800100000001 /* MediaFilter.swift in Sources */,
				AA00000000000001 /* PanelMetrics.swift in Sources */,
				AA00000000000003 /* ContentView.swift in Sources */,
				DD00000000000001 /* HomeView.swift in Sources */,
				DD00000000000002 /* PasteCTAView.swift in Sources */,
				DD00000000000003 /* iOSHistoryView.swift in Sources */,
				DD00000000000004 /* iOSSettingsView.swift in Sources */,
				DD00000000000005 /* ResultCardView.swift in Sources */,
				DD00000000000006 /* OpenInServiceSheet.swift in Sources */,
				DD00000000000007 /* HistoryGridCard.swift in Sources */,
				EE00000000000001 /* ConvertStreamingURLIntent.swift in Sources */,
				EE00000000000002 /* MusicCloudShortcutsProvider.swift in Sources */,
				FF00000000000001 /* MediaType.swift in Sources */,
				FF00000000000002 /* Bundle+Version.swift in Sources */,
				FF00000000000003 /* DangerZoneSection.swift in Sources */,
				FF00000000000006 /* EntryActionsModifier.swift in Sources */,
				AA00000000000070 /* HapticFeedback.swift in Sources */,
				FF00000000000004 /* SharedStoreConfiguration.swift in Sources */,
			);
			runOnlyForDeploymentPostprocessing = 0;
		};
		BB00000000000040 /* Sources */ = {
			isa = PBXSourcesBuildPhase;
			buildActionMask = 2147483647;
			files = (
				BB00000000000001 /* StreamingServicesTests.swift in Sources */,
				BB00000000000002 /* MusicCloudAPITests.swift in Sources */,
				BB00000000000003 /* ClipboardMonitorTests.swift in Sources */,
				BB00000000000004 /* MediaEntryTests.swift in Sources */,
				BB00000000000005 /* ConvertStreamingURLIntentTests.swift in Sources */,
			);
			runOnlyForDeploymentPostprocessing = 0;
		};
		CC00000000000040 /* Sources */ = {
			isa = PBXSourcesBuildPhase;
			buildActionMask = 2147483647;
			files = (
				CC00000000000011 /* ShareViewController.swift in Sources */,
				CC00000000000012 /* StreamingServices.swift in Sources */,
				FF00000000000101 /* MediaType.swift in Sources */,
				FF00000000000102 /* MusicCloudAPI.swift in Sources */,
				FF00000000000103 /* ResolveResponse.swift in Sources */,
				FF00000000000104 /* MediaEntry.swift in Sources */,
				FF00000000000105 /* TrackInfo.swift in Sources */,
				FF00000000000106 /* AlbumInfo.swift in Sources */,
				FF00000000000107 /* ArtistInfo.swift in Sources */,
				FF00000000000108 /* ServiceLink.swift in Sources */,
				FF00000000000109 /* ContentType.swift in Sources */,
				AA00000000000072 /* HapticFeedback.swift in Sources */,
				FF0000000000010A /* SharedStoreConfiguration.swift in Sources */,
				FF0000000000010B /* APIError.swift in Sources */,
				FF0000000000010C /* ResolveError.swift in Sources */,
				FF0000000000010D /* AppLogger.swift in Sources */,
			);
			runOnlyForDeploymentPostprocessing = 0;
		};
/* End PBXSourcesBuildPhase section */

/* Begin PBXTargetDependency section */
		BB00000000000052 /* PBXTargetDependency */ = {
			isa = PBXTargetDependency;
			target = A02F4E98FD93CA1768A15CE2 /* musiccloud */;
			targetProxy = BB00000000000051 /* PBXContainerItemProxy */;
		};
		CC00000000000071 /* PBXTargetDependency */ = {
			isa = PBXTargetDependency;
			platformFilter = ios;
			target = CC00000000000030 /* ShareExtension */;
			targetProxy = CC00000000000070 /* PBXContainerItemProxy */;
		};
/* End PBXTargetDependency section */

/* Begin XCBuildConfiguration section */
		0A5F3FBB399C57A7E9B0566C /* Release */ = {
			isa = XCBuildConfiguration;
			buildSettings = {
				ALWAYS_SEARCH_USER_PATHS = NO;
				CLANG_ANALYZER_LOCALIZABILITY_NONLOCALIZED = YES;
				CLANG_ANALYZER_NONNULL = YES;
				CLANG_ANALYZER_NUMBER_OBJECT_CONVERSION = YES_AGGRESSIVE;
				CLANG_CXX_LANGUAGE_STANDARD = "gnu++14";
				CLANG_CXX_LIBRARY = "libc++";
				CLANG_ENABLE_MODULES = YES;
				CLANG_ENABLE_OBJC_ARC = YES;
				CLANG_ENABLE_OBJC_WEAK = YES;
				CLANG_WARN_BLOCK_CAPTURE_AUTORELEASING = YES;
				CLANG_WARN_BOOL_CONVERSION = YES;
				CLANG_WARN_COMMA = YES;
				CLANG_WARN_CONSTANT_CONVERSION = YES;
				CLANG_WARN_DEPRECATED_OBJC_IMPLEMENTATIONS = YES;
				CLANG_WARN_DIRECT_OBJC_ISA_USAGE = YES_ERROR;
				CLANG_WARN_DOCUMENTATION_COMMENTS = YES;
				CLANG_WARN_EMPTY_BODY = YES;
				CLANG_WARN_ENUM_CONVERSION = YES;
				CLANG_WARN_INFINITE_RECURSION = YES;
				CLANG_WARN_INT_CONVERSION = YES;
				CLANG_WARN_NON_LITERAL_NULL_CONVERSION = YES;
				CLANG_WARN_OBJC_IMPLICIT_RETAIN_SELF = YES;
				CLANG_WARN_OBJC_LITERAL_CONVERSION = YES;
				CLANG_WARN_OBJC_ROOT_CLASS = YES_ERROR;
				CLANG_WARN_QUOTED_INCLUDE_IN_FRAMEWORK_HEADER = YES;
				CLANG_WARN_RANGE_LOOP_ANALYSIS = YES;
				CLANG_WARN_STRICT_PROTOTYPES = YES;
				CLANG_WARN_SUSPICIOUS_MOVE = YES;
				CLANG_WARN_UNGUARDED_AVAILABILITY = YES_AGGRESSIVE;
				CLANG_WARN_UNREACHABLE_CODE = YES;
				CLANG_WARN__DUPLICATE_METHOD_MATCH = YES;
				CODE_SIGN_IDENTITY = "-";
				COPY_PHASE_STRIP = NO;
				DEAD_CODE_STRIPPING = YES;
				DEBUG_INFORMATION_FORMAT = "dwarf-with-dsym";
				DEVELOPMENT_TEAM = 2Z5E3BGZR8;
				ENABLE_NS_ASSERTIONS = NO;
				ENABLE_STRICT_OBJC_MSGSEND = YES;
				ENABLE_USER_SCRIPT_SANDBOXING = NO;
				GCC_C_LANGUAGE_STANDARD = gnu11;
				GCC_NO_COMMON_BLOCKS = YES;
				GCC_WARN_64_TO_32_BIT_CONVERSION = YES;
				GCC_WARN_ABOUT_RETURN_TYPE = YES_ERROR;
				GCC_WARN_UNDECLARED_SELECTOR = YES;
				GCC_WARN_UNINITIALIZED_AUTOS = YES_AGGRESSIVE;
				GCC_WARN_UNUSED_FUNCTION = YES;
				GCC_WARN_UNUSED_VARIABLE = YES;
				MTL_ENABLE_DEBUG_INFO = NO;
				MTL_FAST_MATH = YES;
				PRODUCT_NAME = "$(TARGET_NAME)";
				SDKROOT = auto;
				STRING_CATALOG_GENERATE_SYMBOLS = YES;
				SWIFT_COMPILATION_MODE = wholemodule;
				SWIFT_OPTIMIZATION_LEVEL = "-O";
				SWIFT_VERSION = 5.0;
			};
			name = Release;
		};
		7DB308ADC90F418D83F3B6E3 /* Debug */ = {
			isa = XCBuildConfiguration;
			buildSettings = {
				ASSETCATALOG_COMPILER_APPICON_NAME = AppIcon;
				ASSETCATALOG_COMPILER_GLOBAL_ACCENT_COLOR_NAME = AccentColor;
				AUTOMATION_APPLE_EVENTS = NO;
				CODE_SIGN_ENTITLEMENTS = "App/Supporting Files/musiccloud.entitlements";
				CODE_SIGN_IDENTITY = "iPhone Developer";
				CURRENT_PROJECT_VERSION = 1;
				DEAD_CODE_STRIPPING = YES;
				ENABLE_HARDENED_RUNTIME = YES;
				ENABLE_RESOURCE_ACCESS_AUDIO_INPUT = NO;
				ENABLE_RESOURCE_ACCESS_CALENDARS = NO;
				ENABLE_RESOURCE_ACCESS_CAMERA = NO;
				ENABLE_RESOURCE_ACCESS_CONTACTS = NO;
				ENABLE_RESOURCE_ACCESS_LOCATION = NO;
				ENABLE_RESOURCE_ACCESS_PHOTO_LIBRARY = NO;
				INFOPLIST_FILE = "App/Supporting Files/Info.plist";
				INFOPLIST_KEY_CFBundleDisplayName = musiccloud;
				INFOPLIST_KEY_LSApplicationCategoryType = "public.app-category.entertainment";
				IPHONEOS_DEPLOYMENT_TARGET = 17.0;
				LD_RUNPATH_SEARCH_PATHS = (
					"$(inherited)",
					"@executable_path/Frameworks",
				);
				MACOSX_DEPLOYMENT_TARGET = 15.6;
				MARKETING_VERSION = 0.3.3;
				PRODUCT_BUNDLE_IDENTIFIER = io.musiccloud.musiccloud;
				PRODUCT_NAME = "$(TARGET_NAME)";
				RUNTIME_EXCEPTION_ALLOW_DYLD_ENVIRONMENT_VARIABLES = NO;
				RUNTIME_EXCEPTION_ALLOW_JIT = NO;
				RUNTIME_EXCEPTION_ALLOW_UNSIGNED_EXECUTABLE_MEMORY = NO;
				RUNTIME_EXCEPTION_DEBUGGING_TOOL = NO;
				RUNTIME_EXCEPTION_DISABLE_EXECUTABLE_PAGE_PROTECTION = NO;
				RUNTIME_EXCEPTION_DISABLE_LIBRARY_VALIDATION = NO;
				SDKROOT = auto;
				SUPPORTED_PLATFORMS = "iphoneos iphonesimulator macosx";
				SUPPORTS_MACCATALYST = NO;
				SUPPORTS_MAC_DESIGNED_FOR_IPHONE_IPAD = NO;
				SUPPORTS_XR_DESIGNED_FOR_IPHONE_IPAD = NO;
				SWIFT_VERSION = 5.0;
				TARGETED_DEVICE_FAMILY = "1,2";

			};
			name = Debug;
		};
		BB00000000000061 /* Debug */ = {
			isa = XCBuildConfiguration;
			buildSettings = {
				BUNDLE_LOADER = "$(TEST_HOST)";
				CODE_SIGN_IDENTITY = "Apple Development";
				CURRENT_PROJECT_VERSION = 1;
				DEAD_CODE_STRIPPING = YES;
				DEVELOPMENT_TEAM = 2Z5E3BGZR8;
				GENERATE_INFOPLIST_FILE = YES;
				IPHONEOS_DEPLOYMENT_TARGET = 17.0;
				MACOSX_DEPLOYMENT_TARGET = 15.6;
				MARKETING_VERSION = 0.3.3;
				PRODUCT_BUNDLE_IDENTIFIER = io.musiccloud.musiccloudTests;
				PRODUCT_NAME = "$(TARGET_NAME)";
				SDKROOT = auto;
				SUPPORTED_PLATFORMS = "iphoneos iphonesimulator macosx";
				SUPPORTS_MACCATALYST = NO;
				SWIFT_EMIT_LOC_STRINGS = NO;
				SWIFT_VERSION = 5.0;
				TARGETED_DEVICE_FAMILY = "1,2";
				TEST_HOST = "$(BUILT_PRODUCTS_DIR)/musiccloud.app/$(BUNDLE_EXECUTABLE_FOLDER_PATH)/musiccloud";
			};
			name = Debug;
		};
		BB00000000000062 /* Release */ = {
			isa = XCBuildConfiguration;
			buildSettings = {
				BUNDLE_LOADER = "$(TEST_HOST)";
				CODE_SIGN_IDENTITY = "Apple Development";
				CURRENT_PROJECT_VERSION = 1;
				DEAD_CODE_STRIPPING = YES;
				DEVELOPMENT_TEAM = 2Z5E3BGZR8;
				GENERATE_INFOPLIST_FILE = YES;
				IPHONEOS_DEPLOYMENT_TARGET = 17.0;
				MACOSX_DEPLOYMENT_TARGET = 15.6;
				MARKETING_VERSION = 0.3.3;
				PRODUCT_BUNDLE_IDENTIFIER = io.musiccloud.musiccloudTests;
				PRODUCT_NAME = "$(TARGET_NAME)";
				SDKROOT = auto;
				SUPPORTED_PLATFORMS = "iphoneos iphonesimulator macosx";
				SUPPORTS_MACCATALYST = NO;
				SWIFT_EMIT_LOC_STRINGS = NO;
				SWIFT_VERSION = 5.0;
				TARGETED_DEVICE_FAMILY = "1,2";
				TEST_HOST = "$(BUILT_PRODUCTS_DIR)/musiccloud.app/$(BUNDLE_EXECUTABLE_FOLDER_PATH)/musiccloud";
			};
			name = Release;
		};
		CC00000000000051 /* Debug */ = {
			isa = XCBuildConfiguration;
			buildSettings = {
				CODE_SIGN_ENTITLEMENTS = ShareExtension/ShareExtension.entitlements;
				CODE_SIGN_IDENTITY = "iPhone Developer";
				CURRENT_PROJECT_VERSION = 1;
				DEAD_CODE_STRIPPING = YES;
				DEVELOPMENT_TEAM = 2Z5E3BGZR8;
				GENERATE_INFOPLIST_FILE = NO;
				INFOPLIST_FILE = ShareExtension/Info.plist;
				IPHONEOS_DEPLOYMENT_TARGET = 17.0;
				LD_RUNPATH_SEARCH_PATHS = (
					"$(inherited)",
					"@executable_path/Frameworks",
					"@executable_path/../../Frameworks",
				);
				MARKETING_VERSION = 0.3.3;
				PRODUCT_BUNDLE_IDENTIFIER = io.musiccloud.musiccloud.ShareExtension;
				PRODUCT_NAME = "$(TARGET_NAME)";
				SDKROOT = iphoneos;
				SKIP_INSTALL = YES;
				SUPPORTED_PLATFORMS = "iphoneos iphonesimulator";
				SWIFT_VERSION = 5.0;
				TARGETED_DEVICE_FAMILY = "1,2";

			};
			name = Debug;
		};
		CC00000000000052 /* Release */ = {
			isa = XCBuildConfiguration;
			buildSettings = {
				CODE_SIGN_ENTITLEMENTS = ShareExtension/ShareExtension.entitlements;
				CODE_SIGN_IDENTITY = "iPhone Developer";
				CURRENT_PROJECT_VERSION = 1;
				DEAD_CODE_STRIPPING = YES;
				DEVELOPMENT_TEAM = 2Z5E3BGZR8;
				GENERATE_INFOPLIST_FILE = NO;
				INFOPLIST_FILE = ShareExtension/Info.plist;
				IPHONEOS_DEPLOYMENT_TARGET = 17.0;
				LD_RUNPATH_SEARCH_PATHS = (
					"$(inherited)",
					"@executable_path/Frameworks",
					"@executable_path/../../Frameworks",
				);
				MARKETING_VERSION = 0.3.3;
				PRODUCT_BUNDLE_IDENTIFIER = io.musiccloud.musiccloud.ShareExtension;
				PRODUCT_NAME = "$(TARGET_NAME)";
				SDKROOT = iphoneos;
				SKIP_INSTALL = YES;
				SUPPORTED_PLATFORMS = "iphoneos iphonesimulator";
				SWIFT_VERSION = 5.0;
				TARGETED_DEVICE_FAMILY = "1,2";

			};
			name = Release;
		};
		D78AC06099149C1A3A3CD33A /* Debug */ = {
			isa = XCBuildConfiguration;
			buildSettings = {
				ALWAYS_SEARCH_USER_PATHS = NO;
				CLANG_ANALYZER_LOCALIZABILITY_NONLOCALIZED = YES;
				CLANG_ANALYZER_NONNULL = YES;
				CLANG_ANALYZER_NUMBER_OBJECT_CONVERSION = YES_AGGRESSIVE;
				CLANG_CXX_LANGUAGE_STANDARD = "gnu++14";
				CLANG_CXX_LIBRARY = "libc++";
				CLANG_ENABLE_MODULES = YES;
				CLANG_ENABLE_OBJC_ARC = YES;
				CLANG_ENABLE_OBJC_WEAK = YES;
				CLANG_WARN_BLOCK_CAPTURE_AUTORELEASING = YES;
				CLANG_WARN_BOOL_CONVERSION = YES;
				CLANG_WARN_COMMA = YES;
				CLANG_WARN_CONSTANT_CONVERSION = YES;
				CLANG_WARN_DEPRECATED_OBJC_IMPLEMENTATIONS = YES;
				CLANG_WARN_DIRECT_OBJC_ISA_USAGE = YES_ERROR;
				CLANG_WARN_DOCUMENTATION_COMMENTS = YES;
				CLANG_WARN_EMPTY_BODY = YES;
				CLANG_WARN_ENUM_CONVERSION = YES;
				CLANG_WARN_INFINITE_RECURSION = YES;
				CLANG_WARN_INT_CONVERSION = YES;
				CLANG_WARN_NON_LITERAL_NULL_CONVERSION = YES;
				CLANG_WARN_OBJC_IMPLICIT_RETAIN_SELF = YES;
				CLANG_WARN_OBJC_LITERAL_CONVERSION = YES;
				CLANG_WARN_OBJC_ROOT_CLASS = YES_ERROR;
				CLANG_WARN_QUOTED_INCLUDE_IN_FRAMEWORK_HEADER = YES;
				CLANG_WARN_RANGE_LOOP_ANALYSIS = YES;
				CLANG_WARN_STRICT_PROTOTYPES = YES;
				CLANG_WARN_SUSPICIOUS_MOVE = YES;
				CLANG_WARN_UNGUARDED_AVAILABILITY = YES_AGGRESSIVE;
				CLANG_WARN_UNREACHABLE_CODE = YES;
				CLANG_WARN__DUPLICATE_METHOD_MATCH = YES;
				CODE_SIGN_IDENTITY = "-";
				COPY_PHASE_STRIP = NO;
				DEAD_CODE_STRIPPING = YES;
				DEBUG_INFORMATION_FORMAT = dwarf;
				DEVELOPMENT_TEAM = 2Z5E3BGZR8;
				ENABLE_STRICT_OBJC_MSGSEND = YES;
				ENABLE_TESTABILITY = YES;
				ENABLE_USER_SCRIPT_SANDBOXING = NO;
				GCC_C_LANGUAGE_STANDARD = gnu11;
				GCC_DYNAMIC_NO_PIC = NO;
				GCC_NO_COMMON_BLOCKS = YES;
				GCC_OPTIMIZATION_LEVEL = 0;
				GCC_PREPROCESSOR_DEFINITIONS = (
					"$(inherited)",
					"DEBUG=1",
				);
				GCC_WARN_64_TO_32_BIT_CONVERSION = YES;
				GCC_WARN_ABOUT_RETURN_TYPE = YES_ERROR;
				GCC_WARN_UNDECLARED_SELECTOR = YES;
				GCC_WARN_UNINITIALIZED_AUTOS = YES_AGGRESSIVE;
				GCC_WARN_UNUSED_FUNCTION = YES;
				GCC_WARN_UNUSED_VARIABLE = YES;
				MTL_ENABLE_DEBUG_INFO = INCLUDE_SOURCE;
				MTL_FAST_MATH = YES;
				ONLY_ACTIVE_ARCH = YES;
				PRODUCT_NAME = "$(TARGET_NAME)";
				SDKROOT = auto;
				STRING_CATALOG_GENERATE_SYMBOLS = YES;
				SWIFT_ACTIVE_COMPILATION_CONDITIONS = DEBUG;
				SWIFT_OPTIMIZATION_LEVEL = "-Onone";
				SWIFT_VERSION = 5.0;
			};
			name = Debug;
		};
		F5E45AB6C3C35DD54D9B33C5 /* Release */ = {
			isa = XCBuildConfiguration;
			buildSettings = {
				ASSETCATALOG_COMPILER_APPICON_NAME = AppIcon;
				ASSETCATALOG_COMPILER_GLOBAL_ACCENT_COLOR_NAME = AccentColor;
				AUTOMATION_APPLE_EVENTS = NO;
				CODE_SIGN_ENTITLEMENTS = "App/Supporting Files/musiccloud.entitlements";
				CODE_SIGN_IDENTITY = "iPhone Developer";
				CURRENT_PROJECT_VERSION = 1;
				DEAD_CODE_STRIPPING = YES;
				ENABLE_HARDENED_RUNTIME = YES;
				ENABLE_RESOURCE_ACCESS_AUDIO_INPUT = NO;
				ENABLE_RESOURCE_ACCESS_CALENDARS = NO;
				ENABLE_RESOURCE_ACCESS_CAMERA = NO;
				ENABLE_RESOURCE_ACCESS_CONTACTS = NO;
				ENABLE_RESOURCE_ACCESS_LOCATION = NO;
				ENABLE_RESOURCE_ACCESS_PHOTO_LIBRARY = NO;
				INFOPLIST_FILE = "App/Supporting Files/Info.plist";
				INFOPLIST_KEY_CFBundleDisplayName = musiccloud;
				INFOPLIST_KEY_LSApplicationCategoryType = "public.app-category.entertainment";
				IPHONEOS_DEPLOYMENT_TARGET = 17.0;
				LD_RUNPATH_SEARCH_PATHS = (
					"$(inherited)",
					"@executable_path/Frameworks",
				);
				MACOSX_DEPLOYMENT_TARGET = 15.6;
				MARKETING_VERSION = 0.3.3;
				PRODUCT_BUNDLE_IDENTIFIER = io.musiccloud.musiccloud;
				PRODUCT_NAME = "$(TARGET_NAME)";
				RUNTIME_EXCEPTION_ALLOW_DYLD_ENVIRONMENT_VARIABLES = NO;
				RUNTIME_EXCEPTION_ALLOW_JIT = NO;
				RUNTIME_EXCEPTION_ALLOW_UNSIGNED_EXECUTABLE_MEMORY = NO;
				RUNTIME_EXCEPTION_DEBUGGING_TOOL = NO;
				RUNTIME_EXCEPTION_DISABLE_EXECUTABLE_PAGE_PROTECTION = NO;
				RUNTIME_EXCEPTION_DISABLE_LIBRARY_VALIDATION = NO;
				SDKROOT = auto;
				SUPPORTED_PLATFORMS = "iphoneos iphonesimulator macosx";
				SUPPORTS_MACCATALYST = NO;
				SUPPORTS_MAC_DESIGNED_FOR_IPHONE_IPAD = NO;
				SUPPORTS_XR_DESIGNED_FOR_IPHONE_IPAD = NO;
				SWIFT_VERSION = 5.0;
				TARGETED_DEVICE_FAMILY = "1,2";

			};
			name = Release;
		};
/* End XCBuildConfiguration section */

/* Begin XCConfigurationList section */
		BB00000000000060 /* Build configuration list for PBXNativeTarget "musiccloudTests" */ = {
			isa = XCConfigurationList;
			buildConfigurations = (
				BB00000000000061 /* Debug */,
				BB00000000000062 /* Release */,
			);
			defaultConfigurationIsVisible = 0;
			defaultConfigurationName = Debug;
		};
		CC00000000000060 /* Build configuration list for PBXNativeTarget "ShareExtension" */ = {
			isa = XCConfigurationList;
			buildConfigurations = (
				CC00000000000051 /* Debug */,
				CC00000000000052 /* Release */,
			);
			defaultConfigurationIsVisible = 0;
			defaultConfigurationName = Debug;
		};
		DF3CC9B41A42CF171A0D5568 /* Build configuration list for PBXNativeTarget "musiccloud" */ = {
			isa = XCConfigurationList;
			buildConfigurations = (
				7DB308ADC90F418D83F3B6E3 /* Debug */,
				F5E45AB6C3C35DD54D9B33C5 /* Release */,
			);
			defaultConfigurationIsVisible = 0;
			defaultConfigurationName = Debug;
		};
		F3584AD23C18E5F44482D611 /* Build configuration list for PBXProject "musiccloud" */ = {
			isa = XCConfigurationList;
			buildConfigurations = (
				D78AC06099149C1A3A3CD33A /* Debug */,
				0A5F3FBB399C57A7E9B0566C /* Release */,
			);
			defaultConfigurationIsVisible = 0;
			defaultConfigurationName = Debug;
		};
/* End XCConfigurationList section */
	};
	rootObject = 87ED6BE46D2B397F308DB857 /* Project object */;
}
