// !$*UTF8*$!
{
	archiveVersion = 1;
	classes = {
	};
	objectVersion = 63;
	objects = {

/* Begin PBXBuildFile section */
		170DCCFF835C9EB8AE1CD81F /* MenuBarView.swift in Sources */ = {isa = PBXBuildFile; fileRef = 3D07C91D3461C5C97C2F4AC0 /* MenuBarView.swift */; };
		3740E6ECEB9CA883501A80B5 /* ClipboardMonitor.swift in Sources */ = {isa = PBXBuildFile; fileRef = DF9C16C63FE6CBA4D6FFEBA8 /* ClipboardMonitor.swift */; };
		41A30941322C3370DF2766CC /* Assets.xcassets in Resources */ = {isa = PBXBuildFile; fileRef = 26E51532D490E1A2DE32DF3C /* Assets.xcassets */; };
		769A0D50AC6FC83DE76D5000 /* Localizable.xcstrings in Resources */ = {isa = PBXBuildFile; fileRef = 4C1DB8B7EAE84BEDEE9F0546 /* Localizable.xcstrings */; };
		7BF3DC5D2349EDF131DF8E45 /* StreamingServices.swift in Sources */ = {isa = PBXBuildFile; fileRef = 121F8EA83B3E06119BA82118 /* StreamingServices.swift */; };
		8B76C213DB85A0116DCD1056 /* MusicCloudAPI.swift in Sources */ = {isa = PBXBuildFile; fileRef = F5C57CFCB667F74AE91357D9 /* MusicCloudAPI.swift */; };
		B67BEA72FC7A47A3C1F1DFCF /* App.swift in Sources */ = {isa = PBXBuildFile; fileRef = E68F162AF511C823C8D23690 /* App.swift */; };
		C6125D3CCAE238F728B26B93 /* ErrorHandling.swift in Sources */ = {isa = PBXBuildFile; fileRef = 2AD672A2C51AB9EE81F5CC40 /* ErrorHandling.swift */; };
		FD0C89982F81B1DB00AE61FB /* MenuBarIcon.swift in Sources */ = {isa = PBXBuildFile; fileRef = FD0C89972F81B1DB00AE61FB /* MenuBarIcon.swift */; };
		FD0C899A2F81B1FD00AE61FB /* RainbowPalette.swift in Sources */ = {isa = PBXBuildFile; fileRef = FD0C89992F81B1FD00AE61FB /* RainbowPalette.swift */; };
		FD0C899C2F81B50F00AE61FB /* AppDelegate.swift in Sources */ = {isa = PBXBuildFile; fileRef = FD0C899B2F81B50F00AE61FB /* AppDelegate.swift */; };
		FD1437752F81964000A5B46D /* ShareButton.swift in Sources */ = {isa = PBXBuildFile; fileRef = FD1437742F81964000A5B46D /* ShareButton.swift */; };
		FD2197D22F80996F00F4AD7D /* DashboardMenuItem.swift in Sources */ = {isa = PBXBuildFile; fileRef = FD2197D12F80996F00F4AD7D /* DashboardMenuItem.swift */; };
		FD4CFB8E2F8075F2006135A6 /* AppLogger.swift in Sources */ = {isa = PBXBuildFile; fileRef = FD4CFB8D2F8075F2006135A6 /* AppLogger.swift */; };
		FD63D39B2F806884004B8E54 /* MenuItem.swift in Sources */ = {isa = PBXBuildFile; fileRef = FD63D39A2F806884004B8E54 /* MenuItem.swift */; };
		FD97C37E2F80943A00E8D788 /* MediaItem.swift in Sources */ = {isa = PBXBuildFile; fileRef = FD97C37D2F80943A00E8D788 /* MediaItem.swift */; };
		FD97C3802F80945D00E8D788 /* TrackItem.swift in Sources */ = {isa = PBXBuildFile; fileRef = FD97C37F2F80945D00E8D788 /* TrackItem.swift */; };
		FD97C3822F80947100E8D788 /* AlbumItem.swift in Sources */ = {isa = PBXBuildFile; fileRef = FD97C3812F80947100E8D788 /* AlbumItem.swift */; };
		FD97C3842F80948700E8D788 /* ArtistItem.swift in Sources */ = {isa = PBXBuildFile; fileRef = FD97C3832F80948700E8D788 /* ArtistItem.swift */; };
		FD97C3862F80949C00E8D788 /* MediaArtwork.swift in Sources */ = {isa = PBXBuildFile; fileRef = FD97C3852F80949C00E8D788 /* MediaArtwork.swift */; };
		FD97C3882F8094B300E8D788 /* View+Extensions.swift in Sources */ = {isa = PBXBuildFile; fileRef = FD97C3872F8094B300E8D788 /* View+Extensions.swift */; };
		FDD516232F817EB50043E187 /* TrackInfo.swift in Sources */ = {isa = PBXBuildFile; fileRef = FDD516222F817EB50043E187 /* TrackInfo.swift */; };
		FDD516252F817ECE0043E187 /* AlbumInfo.swift in Sources */ = {isa = PBXBuildFile; fileRef = FDD516242F817ECE0043E187 /* AlbumInfo.swift */; };
		FDD516272F817EDF0043E187 /* ArtistInfo.swift in Sources */ = {isa = PBXBuildFile; fileRef = FDD516262F817EDF0043E187 /* ArtistInfo.swift */; };
		FDD516292F817F360043E187 /* MediaInfo.swift in Sources */ = {isa = PBXBuildFile; fileRef = FDD516282F817F360043E187 /* MediaInfo.swift */; };
		FD05A1022F82A00100000001 /* MediaEntry.swift in Sources */ = {isa = PBXBuildFile; fileRef = FD05A1012F82A00100000001 /* MediaEntry.swift */; };
		FDD5162B2F817F960043E187 /* ResolveResponse.swift in Sources */ = {isa = PBXBuildFile; fileRef = FDD5162A2F817F960043E187 /* ResolveResponse.swift */; };
		FDDC3A8F2F81BE7700FB68D9 /* NotificationManager.swift in Sources */ = {isa = PBXBuildFile; fileRef = FDDC3A8E2F81BE7700FB68D9 /* NotificationManager.swift */; };
		FDDC7E232F805E82005D779F /* HeaderRow.swift in Sources */ = {isa = PBXBuildFile; fileRef = FDDC7E222F805E82005D779F /* HeaderRow.swift */; };
		FDDC7E252F805EB6005D779F /* ErrorRow.swift in Sources */ = {isa = PBXBuildFile; fileRef = FDDC7E242F805EB6005D779F /* ErrorRow.swift */; };
		FDDC7E272F805ECE005D779F /* IdleRow.swift in Sources */ = {isa = PBXBuildFile; fileRef = FDDC7E262F805ECE005D779F /* IdleRow.swift */; };
		FDDC7E292F805EDC005D779F /* MediaSection.swift in Sources */ = {isa = PBXBuildFile; fileRef = FDDC7E282F805EDC005D779F /* MediaSection.swift */; };
		FDDC7E2B2F805F03005D779F /* MediaRow.swift in Sources */ = {isa = PBXBuildFile; fileRef = FDDC7E2A2F805F03005D779F /* MediaRow.swift */; };
		FDDC7E2D2F805F1A005D779F /* QuitMenuItem.swift in Sources */ = {isa = PBXBuildFile; fileRef = FDDC7E2C2F805F1A005D779F /* QuitMenuItem.swift */; };
		FDDC7E2F2F80622F005D779F /* Nasalization Rg.otf in Resources */ = {isa = PBXBuildFile; fileRef = FDDC7E2E2F80622F005D779F /* Nasalization Rg.otf */; };
		FDDC7E312F806452005D779F /* LogoText.swift in Sources */ = {isa = PBXBuildFile; fileRef = FDDC7E302F806452005D779F /* LogoText.swift */; };
		FDF0E9512F81C2BD004DEFCE /* universfield-notification.caf in Resources */ = {isa = PBXBuildFile; fileRef = FDF0E9502F81C2BD004DEFCE /* universfield-notification.caf */; };
		FDF0E9572F81C6D8004DEFCE /* AboutView.swift in Sources */ = {isa = PBXBuildFile; fileRef = FDF0E9522F81C6D8004DEFCE /* AboutView.swift */; };
		FDF0E9582F81C6D8004DEFCE /* SettingsView.swift in Sources */ = {isa = PBXBuildFile; fileRef = FDF0E9552F81C6D8004DEFCE /* SettingsView.swift */; };
		FDF0E9592F81C6D8004DEFCE /* DashboardWindow.swift in Sources */ = {isa = PBXBuildFile; fileRef = FDF0E9532F81C6D8004DEFCE /* DashboardWindow.swift */; };
		FDF0E95A2F81C6D8004DEFCE /* HistoryView.swift in Sources */ = {isa = PBXBuildFile; fileRef = FDF0E9542F81C6D8004DEFCE /* HistoryView.swift */; };
		FDF8735C2F7EEDE600D05057 /* HistoryManager.swift in Sources */ = {isa = PBXBuildFile; fileRef = FDF8735B2F7EEDE600D05057 /* HistoryManager.swift */; };
/* End PBXBuildFile section */

/* Begin PBXFileReference section */
		121F8EA83B3E06119BA82118 /* StreamingServices.swift */ = {isa = PBXFileReference; lastKnownFileType = sourcecode.swift; path = StreamingServices.swift; sourceTree = "<group>"; };
		26E51532D490E1A2DE32DF3C /* Assets.xcassets */ = {isa = PBXFileReference; lastKnownFileType = folder.assetcatalog; path = Assets.xcassets; sourceTree = "<group>"; };
		2A6D1FBF4C2BE51299104362 /* musiccloud.entitlements */ = {isa = PBXFileReference; lastKnownFileType = text.plist.entitlements; path = musiccloud.entitlements; sourceTree = "<group>"; };
		2AD672A2C51AB9EE81F5CC40 /* ErrorHandling.swift */ = {isa = PBXFileReference; lastKnownFileType = sourcecode.swift; path = ErrorHandling.swift; sourceTree = "<group>"; };
		3D07C91D3461C5C97C2F4AC0 /* MenuBarView.swift */ = {isa = PBXFileReference; lastKnownFileType = sourcecode.swift; path = MenuBarView.swift; sourceTree = "<group>"; };
		4C1DB8B7EAE84BEDEE9F0546 /* Localizable.xcstrings */ = {isa = PBXFileReference; lastKnownFileType = text.json.xcstrings; path = Localizable.xcstrings; sourceTree = "<group>"; };
		56B89EA2B7FB649CF35C1DC8 /* musiccloud.app */ = {isa = PBXFileReference; explicitFileType = wrapper.application; includeInIndex = 0; path = musiccloud.app; sourceTree = BUILT_PRODUCTS_DIR; };
		65D30DA29D8EB6E7A8D6EF3C /* Info.plist */ = {isa = PBXFileReference; lastKnownFileType = text.plist.xml; path = Info.plist; sourceTree = "<group>"; };
		DF9C16C63FE6CBA4D6FFEBA8 /* ClipboardMonitor.swift */ = {isa = PBXFileReference; lastKnownFileType = sourcecode.swift; path = ClipboardMonitor.swift; sourceTree = "<group>"; };
		E68F162AF511C823C8D23690 /* App.swift */ = {isa = PBXFileReference; lastKnownFileType = sourcecode.swift; path = App.swift; sourceTree = "<group>"; };
		F5C57CFCB667F74AE91357D9 /* MusicCloudAPI.swift */ = {isa = PBXFileReference; lastKnownFileType = sourcecode.swift; path = MusicCloudAPI.swift; sourceTree = "<group>"; };
		FD0C89972F81B1DB00AE61FB /* MenuBarIcon.swift */ = {isa = PBXFileReference; lastKnownFileType = sourcecode.swift; path = MenuBarIcon.swift; sourceTree = "<group>"; };
		FD0C89992F81B1FD00AE61FB /* RainbowPalette.swift */ = {isa = PBXFileReference; lastKnownFileType = sourcecode.swift; path = RainbowPalette.swift; sourceTree = "<group>"; };
		FD0C899B2F81B50F00AE61FB /* AppDelegate.swift */ = {isa = PBXFileReference; lastKnownFileType = sourcecode.swift; path = AppDelegate.swift; sourceTree = "<group>"; };
		FD1437742F81964000A5B46D /* ShareButton.swift */ = {isa = PBXFileReference; lastKnownFileType = sourcecode.swift; path = ShareButton.swift; sourceTree = "<group>"; };
		FD2197D12F80996F00F4AD7D /* DashboardMenuItem.swift */ = {isa = PBXFileReference; lastKnownFileType = sourcecode.swift; path = DashboardMenuItem.swift; sourceTree = "<group>"; };
		FD4CFB8D2F8075F2006135A6 /* AppLogger.swift */ = {isa = PBXFileReference; lastKnownFileType = sourcecode.swift; path = AppLogger.swift; sourceTree = "<group>"; };
		FD63D39A2F806884004B8E54 /* MenuItem.swift */ = {isa = PBXFileReference; lastKnownFileType = sourcecode.swift; path = MenuItem.swift; sourceTree = "<group>"; };
		FD97C37D2F80943A00E8D788 /* MediaItem.swift */ = {isa = PBXFileReference; lastKnownFileType = sourcecode.swift; path = MediaItem.swift; sourceTree = "<group>"; };
		FD97C37F2F80945D00E8D788 /* TrackItem.swift */ = {isa = PBXFileReference; lastKnownFileType = sourcecode.swift; path = TrackItem.swift; sourceTree = "<group>"; };
		FD97C3812F80947100E8D788 /* AlbumItem.swift */ = {isa = PBXFileReference; lastKnownFileType = sourcecode.swift; path = AlbumItem.swift; sourceTree = "<group>"; };
		FD97C3832F80948700E8D788 /* ArtistItem.swift */ = {isa = PBXFileReference; lastKnownFileType = sourcecode.swift; path = ArtistItem.swift; sourceTree = "<group>"; };
		FD97C3852F80949C00E8D788 /* MediaArtwork.swift */ = {isa = PBXFileReference; lastKnownFileType = sourcecode.swift; path = MediaArtwork.swift; sourceTree = "<group>"; };
		FD97C3872F8094B300E8D788 /* View+Extensions.swift */ = {isa = PBXFileReference; lastKnownFileType = sourcecode.swift; path = "View+Extensions.swift"; sourceTree = "<group>"; };
		FDD516222F817EB50043E187 /* TrackInfo.swift */ = {isa = PBXFileReference; lastKnownFileType = sourcecode.swift; path = TrackInfo.swift; sourceTree = "<group>"; };
		FDD516242F817ECE0043E187 /* AlbumInfo.swift */ = {isa = PBXFileReference; lastKnownFileType = sourcecode.swift; path = AlbumInfo.swift; sourceTree = "<group>"; };
		FDD516262F817EDF0043E187 /* ArtistInfo.swift */ = {isa = PBXFileReference; lastKnownFileType = sourcecode.swift; path = ArtistInfo.swift; sourceTree = "<group>"; };
		FDD516282F817F360043E187 /* MediaInfo.swift */ = {isa = PBXFileReference; lastKnownFileType = sourcecode.swift; path = MediaInfo.swift; sourceTree = "<group>"; };
		FD05A1012F82A00100000001 /* MediaEntry.swift */ = {isa = PBXFileReference; lastKnownFileType = sourcecode.swift; path = MediaEntry.swift; sourceTree = "<group>"; };
		FDD5162A2F817F960043E187 /* ResolveResponse.swift */ = {isa = PBXFileReference; lastKnownFileType = sourcecode.swift; path = ResolveResponse.swift; sourceTree = "<group>"; };
		FDDC3A8E2F81BE7700FB68D9 /* NotificationManager.swift */ = {isa = PBXFileReference; lastKnownFileType = sourcecode.swift; path = NotificationManager.swift; sourceTree = "<group>"; };
		FDDC7E222F805E82005D779F /* HeaderRow.swift */ = {isa = PBXFileReference; lastKnownFileType = sourcecode.swift; path = HeaderRow.swift; sourceTree = "<group>"; };
		FDDC7E242F805EB6005D779F /* ErrorRow.swift */ = {isa = PBXFileReference; lastKnownFileType = sourcecode.swift; path = ErrorRow.swift; sourceTree = "<group>"; };
		FDDC7E262F805ECE005D779F /* IdleRow.swift */ = {isa = PBXFileReference; lastKnownFileType = sourcecode.swift; path = IdleRow.swift; sourceTree = "<group>"; };
		FDDC7E282F805EDC005D779F /* MediaSection.swift */ = {isa = PBXFileReference; lastKnownFileType = sourcecode.swift; path = MediaSection.swift; sourceTree = "<group>"; };
		FDDC7E2A2F805F03005D779F /* MediaRow.swift */ = {isa = PBXFileReference; lastKnownFileType = sourcecode.swift; path = MediaRow.swift; sourceTree = "<group>"; };
		FDDC7E2C2F805F1A005D779F /* QuitMenuItem.swift */ = {isa = PBXFileReference; lastKnownFileType = sourcecode.swift; path = QuitMenuItem.swift; sourceTree = "<group>"; };
		FDDC7E2E2F80622F005D779F /* Nasalization Rg.otf */ = {isa = PBXFileReference; lastKnownFileType = file; path = "Nasalization Rg.otf"; sourceTree = "<group>"; };
		FDDC7E302F806452005D779F /* LogoText.swift */ = {isa = PBXFileReference; lastKnownFileType = sourcecode.swift; path = LogoText.swift; sourceTree = "<group>"; };
		FDF0E9502F81C2BD004DEFCE /* universfield-notification.caf */ = {isa = PBXFileReference; lastKnownFileType = file; path = "universfield-notification.caf"; sourceTree = "<group>"; };
		FDF0E9522F81C6D8004DEFCE /* AboutView.swift */ = {isa = PBXFileReference; lastKnownFileType = sourcecode.swift; path = AboutView.swift; sourceTree = "<group>"; };
		FDF0E9532F81C6D8004DEFCE /* DashboardWindow.swift */ = {isa = PBXFileReference; lastKnownFileType = sourcecode.swift; path = DashboardWindow.swift; sourceTree = "<group>"; };
		FDF0E9542F81C6D8004DEFCE /* HistoryView.swift */ = {isa = PBXFileReference; lastKnownFileType = sourcecode.swift; path = HistoryView.swift; sourceTree = "<group>"; };
		FDF0E9552F81C6D8004DEFCE /* SettingsView.swift */ = {isa = PBXFileReference; lastKnownFileType = sourcecode.swift; path = SettingsView.swift; sourceTree = "<group>"; };
		FDF8735B2F7EEDE600D05057 /* HistoryManager.swift */ = {isa = PBXFileReference; lastKnownFileType = sourcecode.swift; path = HistoryManager.swift; sourceTree = "<group>"; };
/* End PBXFileReference section */

/* Begin PBXGroup section */
		29E444AD310A55D5A4A6FC5B /* Products */ = {
			isa = PBXGroup;
			children = (
				56B89EA2B7FB649CF35C1DC8 /* musiccloud.app */,
			);
			name = Products;
			sourceTree = "<group>";
		};
		9723BD104A0AE887713E6D8F /* App */ = {
			isa = PBXGroup;
			children = (
				E68F162AF511C823C8D23690 /* App.swift */,
				FD0C899B2F81B50F00AE61FB /* AppDelegate.swift */,
				FDDC7E212F805C8B005D779F /* API */,
				FD97C3892F8094D600E8D788 /* Extensions */,
				FDDC7E202F805C68005D779F /* Manager */,
				FDDC7E1C2F805B3C005D779F /* Supporting Files */,
				FDDC7E1E2F805C2E005D779F /* Views */,
			);
			path = App;
			sourceTree = "<group>";
		};
		A8800C23A7862F67E68038E7 = {
			isa = PBXGroup;
			children = (
				9723BD104A0AE887713E6D8F /* App */,
				29E444AD310A55D5A4A6FC5B /* Products */,
			);
			sourceTree = "<group>";
		};
		FD1437732F8185FE00A5B46D /* Media Content */ = {
			isa = PBXGroup;
			children = (
				FD97C3812F80947100E8D788 /* AlbumItem.swift */,
				FD97C3832F80948700E8D788 /* ArtistItem.swift */,
				FD97C3852F80949C00E8D788 /* MediaArtwork.swift */,
				FD97C37D2F80943A00E8D788 /* MediaItem.swift */,
				FDDC7E2A2F805F03005D779F /* MediaRow.swift */,
				FDDC7E282F805EDC005D779F /* MediaSection.swift */,
				FD1437742F81964000A5B46D /* ShareButton.swift */,
				FD97C37F2F80945D00E8D788 /* TrackItem.swift */,
			);
			path = "Media Content";
			sourceTree = "<group>";
		};
		FD4CFB8F2F80788F006135A6 /* Menu */ = {
			isa = PBXGroup;
			children = (
				FDDC7E222F805E82005D779F /* HeaderRow.swift */,
				FD0C89972F81B1DB00AE61FB /* MenuBarIcon.swift */,
				3D07C91D3461C5C97C2F4AC0 /* MenuBarView.swift */,
				FD63D39A2F806884004B8E54 /* MenuItem.swift */,
				FD2197D12F80996F00F4AD7D /* DashboardMenuItem.swift */,
				FDDC7E2C2F805F1A005D779F /* QuitMenuItem.swift */,
			);
			path = Menu;
			sourceTree = "<group>";
		};
		FD97C3892F8094D600E8D788 /* Extensions */ = {
			isa = PBXGroup;
			children = (
				FD97C3872F8094B300E8D788 /* View+Extensions.swift */,
			);
			path = Extensions;
			sourceTree = "<group>";
		};
		FDDC7E1C2F805B3C005D779F /* Supporting Files */ = {
			isa = PBXGroup;
			children = (
				26E51532D490E1A2DE32DF3C /* Assets.xcassets */,
				65D30DA29D8EB6E7A8D6EF3C /* Info.plist */,
				4C1DB8B7EAE84BEDEE9F0546 /* Localizable.xcstrings */,
				2A6D1FBF4C2BE51299104362 /* musiccloud.entitlements */,
				FDDC7E2E2F80622F005D779F /* Nasalization Rg.otf */,
				FDF0E9502F81C2BD004DEFCE /* universfield-notification.caf */,
			);
			path = "Supporting Files";
			sourceTree = "<group>";
		};
		FDDC7E1E2F805C2E005D779F /* Views */ = {
			isa = PBXGroup;
			children = (
				FDF0E9562F81C6D8004DEFCE /* Dashboard */,
				FD1437732F8185FE00A5B46D /* Media Content */,
				FD4CFB8F2F80788F006135A6 /* Menu */,
				FD4CFB8D2F8075F2006135A6 /* AppLogger.swift */,
				FDDC7E242F805EB6005D779F /* ErrorRow.swift */,
				FDDC7E262F805ECE005D779F /* IdleRow.swift */,
				FDDC7E302F806452005D779F /* LogoText.swift */,
				FD0C89992F81B1FD00AE61FB /* RainbowPalette.swift */,
			);
			path = Views;
			sourceTree = "<group>";
		};
		FDDC7E1F2F805C3A005D779F /* Models */ = {
			isa = PBXGroup;
			children = (
				FDD516242F817ECE0043E187 /* AlbumInfo.swift */,
				FDD516262F817EDF0043E187 /* ArtistInfo.swift */,
				FD05A1012F82A00100000001 /* MediaEntry.swift */,
				FDD516282F817F360043E187 /* MediaInfo.swift */,
				FDD516222F817EB50043E187 /* TrackInfo.swift */,
			);
			path = Models;
			sourceTree = "<group>";
		};
		FDDC7E202F805C68005D779F /* Manager */ = {
			isa = PBXGroup;
			children = (
				DF9C16C63FE6CBA4D6FFEBA8 /* ClipboardMonitor.swift */,
				FDF8735B2F7EEDE600D05057 /* HistoryManager.swift */,
				FDDC3A8E2F81BE7700FB68D9 /* NotificationManager.swift */,
			);
			path = Manager;
			sourceTree = "<group>";
		};
		FDDC7E212F805C8B005D779F /* API */ = {
			isa = PBXGroup;
			children = (
				FDDC7E1F2F805C3A005D779F /* Models */,
				2AD672A2C51AB9EE81F5CC40 /* ErrorHandling.swift */,
				F5C57CFCB667F74AE91357D9 /* MusicCloudAPI.swift */,
				FDD5162A2F817F960043E187 /* ResolveResponse.swift */,
				121F8EA83B3E06119BA82118 /* StreamingServices.swift */,
			);
			path = API;
			sourceTree = "<group>";
		};
		FDF0E9562F81C6D8004DEFCE /* Dashboard */ = {
			isa = PBXGroup;
			children = (
				FDF0E9522F81C6D8004DEFCE /* AboutView.swift */,
				FDF0E9532F81C6D8004DEFCE /* DashboardWindow.swift */,
				FDF0E9542F81C6D8004DEFCE /* HistoryView.swift */,
				FDF0E9552F81C6D8004DEFCE /* SettingsView.swift */,
			);
			path = Dashboard;
			sourceTree = "<group>";
		};
/* End PBXGroup section */

/* Begin PBXNativeTarget section */
		A02F4E98FD93CA1768A15CE2 /* musiccloud */ = {
			isa = PBXNativeTarget;
			buildConfigurationList = DF3CC9B41A42CF171A0D5568 /* Build configuration list for PBXNativeTarget "musiccloud" */;
			buildPhases = (
				196EA75CACD0DE5A40732059 /* Sources */,
				12EF42AD220F8CA474750FB1 /* Resources */,
			);
			buildRules = (
			);
			dependencies = (
			);
			name = musiccloud;
			packageProductDependencies = (
			);
			productName = musiccloud;
			productReference = 56B89EA2B7FB649CF35C1DC8 /* musiccloud.app */;
			productType = "com.apple.product-type.application";
		};
/* End PBXNativeTarget section */

/* Begin PBXProject section */
		87ED6BE46D2B397F308DB857 /* Project object */ = {
			isa = PBXProject;
			attributes = {
				BuildIndependentTargetsInParallel = YES;
				LastUpgradeCheck = 2640;
			};
			buildConfigurationList = F3584AD23C18E5F44482D611 /* Build configuration list for PBXProject "musiccloud" */;
			compatibilityVersion = "Xcode 14.0";
			developmentRegion = en;
			hasScannedForEncodings = 0;
			knownRegions = (
				Base,
				cs,
				de,
				en,
				es,
				fr,
				it,
				nl,
				tr,
			);
			mainGroup = A8800C23A7862F67E68038E7;
			minimizedProjectReferenceProxies = 1;
			projectDirPath = "";
			projectRoot = "";
			targets = (
				A02F4E98FD93CA1768A15CE2 /* musiccloud */,
			);
		};
/* End PBXProject section */

/* Begin PBXResourcesBuildPhase section */
		12EF42AD220F8CA474750FB1 /* Resources */ = {
			isa = PBXResourcesBuildPhase;
			buildActionMask = 2147483647;
			files = (
				FDDC7E2F2F80622F005D779F /* Nasalization Rg.otf in Resources */,
				41A30941322C3370DF2766CC /* Assets.xcassets in Resources */,
				769A0D50AC6FC83DE76D5000 /* Localizable.xcstrings in Resources */,
				FDF0E9512F81C2BD004DEFCE /* universfield-notification.caf in Resources */,
			);
			runOnlyForDeploymentPostprocessing = 0;
		};
/* End PBXResourcesBuildPhase section */

/* Begin PBXSourcesBuildPhase section */
		196EA75CACD0DE5A40732059 /* Sources */ = {
			isa = PBXSourcesBuildPhase;
			buildActionMask = 2147483647;
			files = (
				FD0C899C2F81B50F00AE61FB /* AppDelegate.swift in Sources */,
				FDD516252F817ECE0043E187 /* AlbumInfo.swift in Sources */,
				FDD5162B2F817F960043E187 /* ResolveResponse.swift in Sources */,
				FD63D39B2F806884004B8E54 /* MenuItem.swift in Sources */,
				B67BEA72FC7A47A3C1F1DFCF /* App.swift in Sources */,
				FDDC7E232F805E82005D779F /* HeaderRow.swift in Sources */,
				3740E6ECEB9CA883501A80B5 /* ClipboardMonitor.swift in Sources */,
				FD97C3842F80948700E8D788 /* ArtistItem.swift in Sources */,
				170DCCFF835C9EB8AE1CD81F /* MenuBarView.swift in Sources */,
				FD1437752F81964000A5B46D /* ShareButton.swift in Sources */,
				FD0C89982F81B1DB00AE61FB /* MenuBarIcon.swift in Sources */,
				C6125D3CCAE238F728B26B93 /* ErrorHandling.swift in Sources */,
				FDDC7E272F805ECE005D779F /* IdleRow.swift in Sources */,
				FDDC7E2D2F805F1A005D779F /* QuitMenuItem.swift in Sources */,
				FD97C37E2F80943A00E8D788 /* MediaItem.swift in Sources */,
				FDD516272F817EDF0043E187 /* ArtistInfo.swift in Sources */,
				FD0C899A2F81B1FD00AE61FB /* RainbowPalette.swift in Sources */,
				FDDC3A8F2F81BE7700FB68D9 /* NotificationManager.swift in Sources */,
				FDD516232F817EB50043E187 /* TrackInfo.swift in Sources */,
				8B76C213DB85A0116DCD1056 /* MusicCloudAPI.swift in Sources */,
				FDF0E9572F81C6D8004DEFCE /* AboutView.swift in Sources */,
				FDF0E9582F81C6D8004DEFCE /* SettingsView.swift in Sources */,
				FDF0E9592F81C6D8004DEFCE /* DashboardWindow.swift in Sources */,
				FDF0E95A2F81C6D8004DEFCE /* HistoryView.swift in Sources */,
				FDDC7E2B2F805F03005D779F /* MediaRow.swift in Sources */,
				FDF8735C2F7EEDE600D05057 /* HistoryManager.swift in Sources */,
				FD97C3882F8094B300E8D788 /* View+Extensions.swift in Sources */,
				7BF3DC5D2349EDF131DF8E45 /* StreamingServices.swift in Sources */,
				FD97C3862F80949C00E8D788 /* MediaArtwork.swift in Sources */,
				FD97C3822F80947100E8D788 /* AlbumItem.swift in Sources */,
				FDDC7E252F805EB6005D779F /* ErrorRow.swift in Sources */,
				FD2197D22F80996F00F4AD7D /* DashboardMenuItem.swift in Sources */,
				FD97C3802F80945D00E8D788 /* TrackItem.swift in Sources */,
				FD4CFB8E2F8075F2006135A6 /* AppLogger.swift in Sources */,
				FDDC7E292F805EDC005D779F /* MediaSection.swift in Sources */,
				FDDC7E312F806452005D779F /* LogoText.swift in Sources */,
				FD05A1022F82A00100000001 /* MediaEntry.swift in Sources */,
				FDD516292F817F360043E187 /* MediaInfo.swift in Sources */,
			);
			runOnlyForDeploymentPostprocessing = 0;
		};
/* End PBXSourcesBuildPhase section */

/* Begin XCBuildConfiguration section */
		0A5F3FBB399C57A7E9B0566C /* Release */ = {
			isa = XCBuildConfiguration;
			buildSettings = {
				ALWAYS_SEARCH_USER_PATHS = NO;
				CLANG_ANALYZER_LOCALIZABILITY_NONLOCALIZED = YES;
				CLANG_ANALYZER_NONNULL = YES;
				CLANG_ANALYZER_NUMBER_OBJECT_CONVERSION = YES_AGGRESSIVE;
				CLANG_CXX_LANGUAGE_STANDARD = "gnu++14";
				CLANG_CXX_LIBRARY = "libc++";
				CLANG_ENABLE_MODULES = YES;
				CLANG_ENABLE_OBJC_ARC = YES;
				CLANG_ENABLE_OBJC_WEAK = YES;
				CLANG_WARN_BLOCK_CAPTURE_AUTORELEASING = YES;
				CLANG_WARN_BOOL_CONVERSION = YES;
				CLANG_WARN_COMMA = YES;
				CLANG_WARN_CONSTANT_CONVERSION = YES;
				CLANG_WARN_DEPRECATED_OBJC_IMPLEMENTATIONS = YES;
				CLANG_WARN_DIRECT_OBJC_ISA_USAGE = YES_ERROR;
				CLANG_WARN_DOCUMENTATION_COMMENTS = YES;
				CLANG_WARN_EMPTY_BODY = YES;
				CLANG_WARN_ENUM_CONVERSION = YES;
				CLANG_WARN_INFINITE_RECURSION = YES;
				CLANG_WARN_INT_CONVERSION = YES;
				CLANG_WARN_NON_LITERAL_NULL_CONVERSION = YES;
				CLANG_WARN_OBJC_IMPLICIT_RETAIN_SELF = YES;
				CLANG_WARN_OBJC_LITERAL_CONVERSION = YES;
				CLANG_WARN_OBJC_ROOT_CLASS = YES_ERROR;
				CLANG_WARN_QUOTED_INCLUDE_IN_FRAMEWORK_HEADER = YES;
				CLANG_WARN_RANGE_LOOP_ANALYSIS = YES;
				CLANG_WARN_STRICT_PROTOTYPES = YES;
				CLANG_WARN_SUSPICIOUS_MOVE = YES;
				CLANG_WARN_UNGUARDED_AVAILABILITY = YES_AGGRESSIVE;
				CLANG_WARN_UNREACHABLE_CODE = YES;
				CLANG_WARN__DUPLICATE_METHOD_MATCH = YES;
				CODE_SIGN_IDENTITY = "-";
				COPY_PHASE_STRIP = NO;
				DEAD_CODE_STRIPPING = YES;
				DEBUG_INFORMATION_FORMAT = "dwarf-with-dsym";
				DEVELOPMENT_TEAM = 2Z5E3BGZR8;
				ENABLE_NS_ASSERTIONS = NO;
				ENABLE_STRICT_OBJC_MSGSEND = YES;
				ENABLE_USER_SCRIPT_SANDBOXING = YES;
				GCC_C_LANGUAGE_STANDARD = gnu11;
				GCC_NO_COMMON_BLOCKS = YES;
				GCC_WARN_64_TO_32_BIT_CONVERSION = YES;
				GCC_WARN_ABOUT_RETURN_TYPE = YES_ERROR;
				GCC_WARN_UNDECLARED_SELECTOR = YES;
				GCC_WARN_UNINITIALIZED_AUTOS = YES_AGGRESSIVE;
				GCC_WARN_UNUSED_FUNCTION = YES;
				GCC_WARN_UNUSED_VARIABLE = YES;
				MTL_ENABLE_DEBUG_INFO = NO;
				MTL_FAST_MATH = YES;
				PRODUCT_NAME = "$(TARGET_NAME)";
				SDKROOT = auto;
				STRING_CATALOG_GENERATE_SYMBOLS = YES;
				SWIFT_COMPILATION_MODE = wholemodule;
				SWIFT_OPTIMIZATION_LEVEL = "-O";
				SWIFT_VERSION = 5.0;
			};
			name = Release;
		};
		7DB308ADC90F418D83F3B6E3 /* Debug */ = {
			isa = XCBuildConfiguration;
			buildSettings = {
				ASSETCATALOG_COMPILER_APPICON_NAME = AppIcon;
				ASSETCATALOG_COMPILER_GLOBAL_ACCENT_COLOR_NAME = AccentColor;
				AUTOMATION_APPLE_EVENTS = NO;
				CODE_SIGN_ENTITLEMENTS = "App/Supporting Files/musiccloud.entitlements";
				CODE_SIGN_IDENTITY = "iPhone Developer";
				CURRENT_PROJECT_VERSION = 1;
				DEAD_CODE_STRIPPING = YES;
				ENABLE_HARDENED_RUNTIME = YES;
				ENABLE_RESOURCE_ACCESS_AUDIO_INPUT = NO;
				ENABLE_RESOURCE_ACCESS_CALENDARS = NO;
				ENABLE_RESOURCE_ACCESS_CAMERA = NO;
				ENABLE_RESOURCE_ACCESS_CONTACTS = NO;
				ENABLE_RESOURCE_ACCESS_LOCATION = NO;
				ENABLE_RESOURCE_ACCESS_PHOTO_LIBRARY = NO;
				INFOPLIST_FILE = "App/Supporting Files/Info.plist";
				LD_RUNPATH_SEARCH_PATHS = (
					"$(inherited)",
					"@executable_path/Frameworks",
				);
				MARKETING_VERSION = 1.0;
				PRODUCT_BUNDLE_IDENTIFIER = io.musiccloud.musiccloud;
				PRODUCT_NAME = "$(TARGET_NAME)";
				RUNTIME_EXCEPTION_ALLOW_DYLD_ENVIRONMENT_VARIABLES = NO;
				RUNTIME_EXCEPTION_ALLOW_JIT = NO;
				RUNTIME_EXCEPTION_ALLOW_UNSIGNED_EXECUTABLE_MEMORY = NO;
				RUNTIME_EXCEPTION_DEBUGGING_TOOL = NO;
				RUNTIME_EXCEPTION_DISABLE_EXECUTABLE_PAGE_PROTECTION = NO;
				RUNTIME_EXCEPTION_DISABLE_LIBRARY_VALIDATION = NO;
				SDKROOT = auto;
				SUPPORTED_PLATFORMS = "iphoneos iphonesimulator macosx";
				SUPPORTS_MACCATALYST = NO;
				SUPPORTS_MAC_DESIGNED_FOR_IPHONE_IPAD = NO;
				SUPPORTS_XR_DESIGNED_FOR_IPHONE_IPAD = YES;
				SWIFT_VERSION = 5.0;
				TARGETED_DEVICE_FAMILY = "1,2";
			};
			name = Debug;
		};
		D78AC06099149C1A3A3CD33A /* Debug */ = {
			isa = XCBuildConfiguration;
			buildSettings = {
				ALWAYS_SEARCH_USER_PATHS = NO;
				CLANG_ANALYZER_LOCALIZABILITY_NONLOCALIZED = YES;
				CLANG_ANALYZER_NONNULL = YES;
				CLANG_ANALYZER_NUMBER_OBJECT_CONVERSION = YES_AGGRESSIVE;
				CLANG_CXX_LANGUAGE_STANDARD = "gnu++14";
				CLANG_CXX_LIBRARY = "libc++";
				CLANG_ENABLE_MODULES = YES;
				CLANG_ENABLE_OBJC_ARC = YES;
				CLANG_ENABLE_OBJC_WEAK = YES;
				CLANG_WARN_BLOCK_CAPTURE_AUTORELEASING = YES;
				CLANG_WARN_BOOL_CONVERSION = YES;
				CLANG_WARN_COMMA = YES;
				CLANG_WARN_CONSTANT_CONVERSION = YES;
				CLANG_WARN_DEPRECATED_OBJC_IMPLEMENTATIONS = YES;
				CLANG_WARN_DIRECT_OBJC_ISA_USAGE = YES_ERROR;
				CLANG_WARN_DOCUMENTATION_COMMENTS = YES;
				CLANG_WARN_EMPTY_BODY = YES;
				CLANG_WARN_ENUM_CONVERSION = YES;
				CLANG_WARN_INFINITE_RECURSION = YES;
				CLANG_WARN_INT_CONVERSION = YES;
				CLANG_WARN_NON_LITERAL_NULL_CONVERSION = YES;
				CLANG_WARN_OBJC_IMPLICIT_RETAIN_SELF = YES;
				CLANG_WARN_OBJC_LITERAL_CONVERSION = YES;
				CLANG_WARN_OBJC_ROOT_CLASS = YES_ERROR;
				CLANG_WARN_QUOTED_INCLUDE_IN_FRAMEWORK_HEADER = YES;
				CLANG_WARN_RANGE_LOOP_ANALYSIS = YES;
				CLANG_WARN_STRICT_PROTOTYPES = YES;
				CLANG_WARN_SUSPICIOUS_MOVE = YES;
				CLANG_WARN_UNGUARDED_AVAILABILITY = YES_AGGRESSIVE;
				CLANG_WARN_UNREACHABLE_CODE = YES;
				CLANG_WARN__DUPLICATE_METHOD_MATCH = YES;
				CODE_SIGN_IDENTITY = "-";
				COPY_PHASE_STRIP = NO;
				DEAD_CODE_STRIPPING = YES;
				DEBUG_INFORMATION_FORMAT = dwarf;
				DEVELOPMENT_TEAM = 2Z5E3BGZR8;
				ENABLE_STRICT_OBJC_MSGSEND = YES;
				ENABLE_TESTABILITY = YES;
				ENABLE_USER_SCRIPT_SANDBOXING = YES;
				GCC_C_LANGUAGE_STANDARD = gnu11;
				GCC_DYNAMIC_NO_PIC = NO;
				GCC_NO_COMMON_BLOCKS = YES;
				GCC_OPTIMIZATION_LEVEL = 0;
				GCC_PREPROCESSOR_DEFINITIONS = (
					"$(inherited)",
					"DEBUG=1",
				);
				GCC_WARN_64_TO_32_BIT_CONVERSION = YES;
				GCC_WARN_ABOUT_RETURN_TYPE = YES_ERROR;
				GCC_WARN_UNDECLARED_SELECTOR = YES;
				GCC_WARN_UNINITIALIZED_AUTOS = YES_AGGRESSIVE;
				GCC_WARN_UNUSED_FUNCTION = YES;
				GCC_WARN_UNUSED_VARIABLE = YES;
				MTL_ENABLE_DEBUG_INFO = INCLUDE_SOURCE;
				MTL_FAST_MATH = YES;
				ONLY_ACTIVE_ARCH = YES;
				PRODUCT_NAME = "$(TARGET_NAME)";
				SDKROOT = auto;
				STRING_CATALOG_GENERATE_SYMBOLS = YES;
				SWIFT_ACTIVE_COMPILATION_CONDITIONS = DEBUG;
				SWIFT_OPTIMIZATION_LEVEL = "-Onone";
				SWIFT_VERSION = 5.0;
			};
			name = Debug;
		};
		F5E45AB6C3C35DD54D9B33C5 /* Release */ = {
			isa = XCBuildConfiguration;
			buildSettings = {
				ASSETCATALOG_COMPILER_APPICON_NAME = AppIcon;
				ASSETCATALOG_COMPILER_GLOBAL_ACCENT_COLOR_NAME = AccentColor;
				AUTOMATION_APPLE_EVENTS = NO;
				CODE_SIGN_ENTITLEMENTS = "App/Supporting Files/musiccloud.entitlements";
				CODE_SIGN_IDENTITY = "iPhone Developer";
				CURRENT_PROJECT_VERSION = 1;
				DEAD_CODE_STRIPPING = YES;
				ENABLE_HARDENED_RUNTIME = YES;
				ENABLE_RESOURCE_ACCESS_AUDIO_INPUT = NO;
				ENABLE_RESOURCE_ACCESS_CALENDARS = NO;
				ENABLE_RESOURCE_ACCESS_CAMERA = NO;
				ENABLE_RESOURCE_ACCESS_CONTACTS = NO;
				ENABLE_RESOURCE_ACCESS_LOCATION = NO;
				ENABLE_RESOURCE_ACCESS_PHOTO_LIBRARY = NO;
				INFOPLIST_FILE = "App/Supporting Files/Info.plist";
				LD_RUNPATH_SEARCH_PATHS = (
					"$(inherited)",
					"@executable_path/Frameworks",
				);
				MARKETING_VERSION = 1.0;
				PRODUCT_BUNDLE_IDENTIFIER = io.musiccloud.musiccloud;
				PRODUCT_NAME = "$(TARGET_NAME)";
				RUNTIME_EXCEPTION_ALLOW_DYLD_ENVIRONMENT_VARIABLES = NO;
				RUNTIME_EXCEPTION_ALLOW_JIT = NO;
				RUNTIME_EXCEPTION_ALLOW_UNSIGNED_EXECUTABLE_MEMORY = NO;
				RUNTIME_EXCEPTION_DEBUGGING_TOOL = NO;
				RUNTIME_EXCEPTION_DISABLE_EXECUTABLE_PAGE_PROTECTION = NO;
				RUNTIME_EXCEPTION_DISABLE_LIBRARY_VALIDATION = NO;
				SDKROOT = auto;
				SUPPORTED_PLATFORMS = "iphoneos iphonesimulator macosx";
				SUPPORTS_MACCATALYST = NO;
				SUPPORTS_MAC_DESIGNED_FOR_IPHONE_IPAD = NO;
				SUPPORTS_XR_DESIGNED_FOR_IPHONE_IPAD = YES;
				SWIFT_VERSION = 5.0;
				TARGETED_DEVICE_FAMILY = "1,2";
			};
			name = Release;
		};
/* End XCBuildConfiguration section */

/* Begin XCConfigurationList section */
		DF3CC9B41A42CF171A0D5568 /* Build configuration list for PBXNativeTarget "musiccloud" */ = {
			isa = XCConfigurationList;
			buildConfigurations = (
				7DB308ADC90F418D83F3B6E3 /* Debug */,
				F5E45AB6C3C35DD54D9B33C5 /* Release */,
			);
			defaultConfigurationIsVisible = 0;
			defaultConfigurationName = Debug;
		};
		F3584AD23C18E5F44482D611 /* Build configuration list for PBXProject "musiccloud" */ = {
			isa = XCConfigurationList;
			buildConfigurations = (
				D78AC06099149C1A3A3CD33A /* Debug */,
				0A5F3FBB399C57A7E9B0566C /* Release */,
			);
			defaultConfigurationIsVisible = 0;
			defaultConfigurationName = Debug;
		};
/* End XCConfigurationList section */
	};
	rootObject = 87ED6BE46D2B397F308DB857 /* Project object */;
}
